// !$*UTF8*$!
{
	archiveVersion = 1;
	classes = {
	};
	objectVersion = 46;
	objects = {

/* Begin PBXBuildFile section */
		0543517766E62D42CABE42AB /* libPods-HNReader iOS.a in Frameworks */ = {isa = PBXBuildFile; fileRef = 2B912C5AA3874D1ECCF9872B /* libPods-HNReader iOS.a */; };
		AE59B6DF31954A76A5E98D27 /* libPods.a in Frameworks */ = {isa = PBXBuildFile; fileRef = DBA80079524E4F5FBE1F3871 /* libPods.a */; };
		BBEFFC1C6840124824D3BDD1 /* libPods-HNReader OS X.a in Frameworks */ = {isa = PBXBuildFile; fileRef = 9E8AF2D02AC17B25A692CF5A /* libPods-HNReader OS X.a */; };
		F712811B1A22BDAB00C57D60 /* AppDelegate.m in Sources */ = {isa = PBXBuildFile; fileRef = F71281181A22BDAB00C57D60 /* AppDelegate.m */; };
		F712811D1A22BDAB00C57D60 /* main.m in Sources */ = {isa = PBXBuildFile; fileRef = F712811A1A22BDAB00C57D60 /* main.m */; };
		F71281231A22BE2F00C57D60 /* HNReader_OSXTests.m in Sources */ = {isa = PBXBuildFile; fileRef = F71281211A22BE2F00C57D60 /* HNReader_OSXTests.m */; };
		F71281251A22BF0100C57D60 /* MainMenu.xib in Resources */ = {isa = PBXBuildFile; fileRef = F712811E1A22BDBB00C57D60 /* MainMenu.xib */; };
		F71281571A22C07000C57D60 /* HNCacheManager.m in Sources */ = {isa = PBXBuildFile; fileRef = F7E8DA061A229C15007D009E /* HNCacheManager.m */; };
		F71281581A22C07000C57D60 /* HNParser.m in Sources */ = {isa = PBXBuildFile; fileRef = F7E8DA141A229C15007D009E /* HNParser.m */; };
		F71281591A22C07000C57D60 /* HNClient.m in Sources */ = {isa = PBXBuildFile; fileRef = F7E8DA081A229C15007D009E /* HNClient.m */; };
		F712815A1A22C07000C57D60 /* HNComment.m in Sources */ = {isa = PBXBuildFile; fileRef = F7E8DA0A1A229C15007D009E /* HNComment.m */; };
		F712815B1A22C07000C57D60 /* HNCommentsModel.m in Sources */ = {isa = PBXBuildFile; fileRef = F7E8DA0C1A229C15007D009E /* HNCommentsModel.m */; };
		F712815C1A22C07000C57D60 /* HNConstants.m in Sources */ = {isa = PBXBuildFile; fileRef = F7E8DA0E1A229C15007D009E /* HNConstants.m */; };
		F712815D1A22C07000C57D60 /* HNEntriesModel.m in Sources */ = {isa = PBXBuildFile; fileRef = F7E8DA101A229C15007D009E /* HNEntriesModel.m */; };
		F712815E1A22C07000C57D60 /* HNEntry.m in Sources */ = {isa = PBXBuildFile; fileRef = F7E8DA121A229C15007D009E /* HNEntry.m */; };
		F71281601A22C45100C57D60 /* Images.xcassets in Resources */ = {isa = PBXBuildFile; fileRef = F712815F1A22C45100C57D60 /* Images.xcassets */; };
		F71C31E3196C9B49003C8BCD /* libxml2.2.dylib in Frameworks */ = {isa = PBXBuildFile; fileRef = F76ACA6514354265004CF9EA /* libxml2.2.dylib */; };
		F71C31E4196C9B88003C8BCD /* libsqlite3.dylib in Frameworks */ = {isa = PBXBuildFile; fileRef = F759AEA5189EC28400BD46D1 /* libsqlite3.dylib */; };
		F71C31E5196C9B96003C8BCD /* libstdc++.dylib in Frameworks */ = {isa = PBXBuildFile; fileRef = F77319C7189EC2AC00C360F1 /* libstdc++.dylib */; };
		F74853B31A215433009AE367 /* HNReader_iOS_Tests.m in Sources */ = {isa = PBXBuildFile; fileRef = F74853B21A215433009AE367 /* HNReader_iOS_Tests.m */; };
		F7556F941A22C9EF0065557E /* rd_list.c in Sources */ = {isa = PBXBuildFile; fileRef = F7556F901A22C9EF0065557E /* rd_list.c */; };
		F7556F961A22C9EF0065557E /* readable.c in Sources */ = {isa = PBXBuildFile; fileRef = F7556F921A22C9EF0065557E /* readable.c */; };
		F775DADA14340D7E00F93F48 /* UIKit.framework in Frameworks */ = {isa = PBXBuildFile; fileRef = F775DAD914340D7E00F93F48 /* UIKit.framework */; };
		F775DADC14340D7E00F93F48 /* Foundation.framework in Frameworks */ = {isa = PBXBuildFile; fileRef = F775DADB14340D7E00F93F48 /* Foundation.framework */; };
		F7A2406F1475704D00004287 /* libicucore.dylib in Frameworks */ = {isa = PBXBuildFile; fileRef = F7A2406E1475704D00004287 /* libicucore.dylib */; };
		F7CAB0961A22C7B70074A76C /* HNCommentsDataSource.m in Sources */ = {isa = PBXBuildFile; fileRef = F7CAB0761A22C7B70074A76C /* HNCommentsDataSource.m */; };
		F7CAB0971A22C7B70074A76C /* HNCommentsTableViewCell.m in Sources */ = {isa = PBXBuildFile; fileRef = F7CAB0781A22C7B70074A76C /* HNCommentsTableViewCell.m */; };
		F7CAB0981A22C7B70074A76C /* HNCommentsTableViewCell.xib in Resources */ = {isa = PBXBuildFile; fileRef = F7CAB0791A22C7B70074A76C /* HNCommentsTableViewCell.xib */; };
		F7CAB0991A22C7B70074A76C /* HNCommentsViewController.m in Sources */ = {isa = PBXBuildFile; fileRef = F7CAB07B1A22C7B70074A76C /* HNCommentsViewController.m */; };
		F7CAB09A1A22C7B70074A76C /* HNEntriesDataSource.m in Sources */ = {isa = PBXBuildFile; fileRef = F7CAB07D1A22C7B70074A76C /* HNEntriesDataSource.m */; };
		F7CAB09B1A22C7B70074A76C /* HNEntriesTableViewCell.m in Sources */ = {isa = PBXBuildFile; fileRef = F7CAB07F1A22C7B70074A76C /* HNEntriesTableViewCell.m */; };
		F7CAB09C1A22C7B70074A76C /* HNEntriesTableViewCell.xib in Resources */ = {isa = PBXBuildFile; fileRef = F7CAB0801A22C7B70074A76C /* HNEntriesTableViewCell.xib */; };
		F7CAB09D1A22C7B70074A76C /* HNEntriesViewController.m in Sources */ = {isa = PBXBuildFile; fileRef = F7CAB0821A22C7B70074A76C /* HNEntriesViewController.m */; };
		F7CAB09E1A22C7B70074A76C /* HNLabel.m in Sources */ = {isa = PBXBuildFile; fileRef = F7CAB0841A22C7B70074A76C /* HNLabel.m */; };
		F7CAB09F1A22C7B70074A76C /* HNLoadMoreTableViewCell.m in Sources */ = {isa = PBXBuildFile; fileRef = F7CAB0861A22C7B70074A76C /* HNLoadMoreTableViewCell.m */; };
		F7CAB0A11A22C7B70074A76C /* HNReaderAppDelegate.m in Sources */ = {isa = PBXBuildFile; fileRef = F7CAB08A1A22C7B70074A76C /* HNReaderAppDelegate.m */; };
		F7CAB0A21A22C7B70074A76C /* HNWebViewController.m in Sources */ = {isa = PBXBuildFile; fileRef = F7CAB08C1A22C7B70074A76C /* HNWebViewController.m */; };
		F7CAB0A31A22C7B70074A76C /* Images.xcassets in Resources */ = {isa = PBXBuildFile; fileRef = F7CAB08D1A22C7B70074A76C /* Images.xcassets */; };
		F7CAB0A41A22C7B70074A76C /* main.m in Sources */ = {isa = PBXBuildFile; fileRef = F7CAB08E1A22C7B70074A76C /* main.m */; };
		F7CAB0A51A22C7B70074A76C /* Main.storyboard in Resources */ = {isa = PBXBuildFile; fileRef = F7CAB08F1A22C7B70074A76C /* Main.storyboard */; };
		F7CAB0A61A22C7B70074A76C /* NSString+HNCommentTools.m in Sources */ = {isa = PBXBuildFile; fileRef = F7CAB0911A22C7B70074A76C /* NSString+HNCommentTools.m */; };
		F7CAB0A71A22C7B70074A76C /* UIAlertView+HNAlertView.m in Sources */ = {isa = PBXBuildFile; fileRef = F7CAB0931A22C7B70074A76C /* UIAlertView+HNAlertView.m */; };
		F7CAB0A81A22C7B70074A76C /* UIColor+HNReaderTheme.m in Sources */ = {isa = PBXBuildFile; fileRef = F7CAB0951A22C7B70074A76C /* UIColor+HNReaderTheme.m */; };
		F7E8DA151A229C15007D009E /* HNCacheManager.m in Sources */ = {isa = PBXBuildFile; fileRef = F7E8DA061A229C15007D009E /* HNCacheManager.m */; };
		F7E8DA161A229C15007D009E /* HNClient.m in Sources */ = {isa = PBXBuildFile; fileRef = F7E8DA081A229C15007D009E /* HNClient.m */; };
		F7E8DA171A229C15007D009E /* HNComment.m in Sources */ = {isa = PBXBuildFile; fileRef = F7E8DA0A1A229C15007D009E /* HNComment.m */; };
		F7E8DA181A229C15007D009E /* HNCommentsModel.m in Sources */ = {isa = PBXBuildFile; fileRef = F7E8DA0C1A229C15007D009E /* HNCommentsModel.m */; };
		F7E8DA191A229C15007D009E /* HNConstants.m in Sources */ = {isa = PBXBuildFile; fileRef = F7E8DA0E1A229C15007D009E /* HNConstants.m */; };
		F7E8DA1A1A229C15007D009E /* HNEntriesModel.m in Sources */ = {isa = PBXBuildFile; fileRef = F7E8DA101A229C15007D009E /* HNEntriesModel.m */; };
		F7E8DA1B1A229C15007D009E /* HNEntry.m in Sources */ = {isa = PBXBuildFile; fileRef = F7E8DA121A229C15007D009E /* HNEntry.m */; };
		F7E8DA1C1A229C15007D009E /* HNParser.m in Sources */ = {isa = PBXBuildFile; fileRef = F7E8DA141A229C15007D009E /* HNParser.m */; };
/* End PBXBuildFile section */

/* Begin PBXContainerItemProxy section */
		F748539D1A2153EC009AE367 /* PBXContainerItemProxy */ = {
			isa = PBXContainerItemProxy;
			containerPortal = F775DACC14340D7E00F93F48 /* Project object */;
			proxyType = 1;
			remoteGlobalIDString = F74853891A2153EC009AE367;
			remoteInfo = "HNReader OSX";
		};
		F74853B41A215433009AE367 /* PBXContainerItemProxy */ = {
			isa = PBXContainerItemProxy;
			containerPortal = F775DACC14340D7E00F93F48 /* Project object */;
			proxyType = 1;
			remoteGlobalIDString = F775DAD414340D7E00F93F48;
			remoteInfo = "HNReader iOS";
		};
/* End PBXContainerItemProxy section */

/* Begin PBXFileReference section */
		2B912C5AA3874D1ECCF9872B /* libPods-HNReader iOS.a */ = {isa = PBXFileReference; explicitFileType = archive.ar; includeInIndex = 0; path = "libPods-HNReader iOS.a"; sourceTree = BUILT_PRODUCTS_DIR; };
		531D5B35C56BCECED1BA5408 /* Pods-HNReader OS X.release.xcconfig */ = {isa = PBXFileReference; includeInIndex = 1; lastKnownFileType = text.xcconfig; name = "Pods-HNReader OS X.release.xcconfig"; path = "Pods/Target Support Files/Pods-HNReader OS X/Pods-HNReader OS X.release.xcconfig"; sourceTree = "<group>"; };
		9E8AF2D02AC17B25A692CF5A /* libPods-HNReader OS X.a */ = {isa = PBXFileReference; explicitFileType = archive.ar; includeInIndex = 0; path = "libPods-HNReader OS X.a"; sourceTree = BUILT_PRODUCTS_DIR; };
		A88E3EAE52E71F17122A60C9 /* Pods-HNReader iOS.debug.xcconfig */ = {isa = PBXFileReference; includeInIndex = 1; lastKnownFileType = text.xcconfig; name = "Pods-HNReader iOS.debug.xcconfig"; path = "Pods/Target Support Files/Pods-HNReader iOS/Pods-HNReader iOS.debug.xcconfig"; sourceTree = "<group>"; };
		DBA80079524E4F5FBE1F3871 /* libPods.a */ = {isa = PBXFileReference; explicitFileType = archive.ar; includeInIndex = 0; path = libPods.a; sourceTree = BUILT_PRODUCTS_DIR; };
		DFE1D00BC77BAAAAA01700B6 /* Pods-HNReader iOS.release.xcconfig */ = {isa = PBXFileReference; includeInIndex = 1; lastKnownFileType = text.xcconfig; name = "Pods-HNReader iOS.release.xcconfig"; path = "Pods/Target Support Files/Pods-HNReader iOS/Pods-HNReader iOS.release.xcconfig"; sourceTree = "<group>"; };
		E994DDBC5901394C25F2D4F3 /* Pods-HNReader OS X.debug.xcconfig */ = {isa = PBXFileReference; includeInIndex = 1; lastKnownFileType = text.xcconfig; name = "Pods-HNReader OS X.debug.xcconfig"; path = "Pods/Target Support Files/Pods-HNReader OS X/Pods-HNReader OS X.debug.xcconfig"; sourceTree = "<group>"; };
		F70A0FF2143BF99100D61E8A /* QuartzCore.framework */ = {isa = PBXFileReference; lastKnownFileType = wrapper.framework; name = QuartzCore.framework; path = System/Library/Frameworks/QuartzCore.framework; sourceTree = SDKROOT; };
		F71281171A22BDAB00C57D60 /* AppDelegate.h */ = {isa = PBXFileReference; fileEncoding = 4; lastKnownFileType = sourcecode.c.h; name = AppDelegate.h; path = "HNReader OS X/AppDelegate.h"; sourceTree = SOURCE_ROOT; };
		F71281181A22BDAB00C57D60 /* AppDelegate.m */ = {isa = PBXFileReference; fileEncoding = 4; lastKnownFileType = sourcecode.c.objc; name = AppDelegate.m; path = "HNReader OS X/AppDelegate.m"; sourceTree = SOURCE_ROOT; };
		F71281191A22BDAB00C57D60 /* Info.plist */ = {isa = PBXFileReference; fileEncoding = 4; lastKnownFileType = text.plist.xml; name = Info.plist; path = "HNReader OS X/Info.plist"; sourceTree = SOURCE_ROOT; };
		F712811A1A22BDAB00C57D60 /* main.m */ = {isa = PBXFileReference; fileEncoding = 4; lastKnownFileType = sourcecode.c.objc; name = main.m; path = "HNReader OS X/main.m"; sourceTree = SOURCE_ROOT; };
		F712811F1A22BDBB00C57D60 /* Base */ = {isa = PBXFileReference; lastKnownFileType = file.xib; name = Base; path = "HNReader OS X/Base.lproj/MainMenu.xib"; sourceTree = SOURCE_ROOT; };
		F71281211A22BE2F00C57D60 /* HNReader_OSXTests.m */ = {isa = PBXFileReference; fileEncoding = 4; lastKnownFileType = sourcecode.c.objc; name = HNReader_OSXTests.m; path = "HNReader OS X Tests/HNReader_OSXTests.m"; sourceTree = SOURCE_ROOT; };
		F71281221A22BE2F00C57D60 /* Info.plist */ = {isa = PBXFileReference; fileEncoding = 4; lastKnownFileType = text.plist.xml; name = Info.plist; path = "HNReader OS X Tests/Info.plist"; sourceTree = SOURCE_ROOT; };
		F712815F1A22C45100C57D60 /* Images.xcassets */ = {isa = PBXFileReference; lastKnownFileType = folder.assetcatalog; name = Images.xcassets; path = "HNReader OS X/Images.xcassets"; sourceTree = SOURCE_ROOT; };
		F748538A1A2153EC009AE367 /* HNReader OS X.app */ = {isa = PBXFileReference; explicitFileType = wrapper.application; includeInIndex = 0; path = "HNReader OS X.app"; sourceTree = BUILT_PRODUCTS_DIR; };
		F748539C1A2153EC009AE367 /* HNReader OS X Tests.xctest */ = {isa = PBXFileReference; explicitFileType = wrapper.cfbundle; includeInIndex = 0; path = "HNReader OS X Tests.xctest"; sourceTree = BUILT_PRODUCTS_DIR; };
		F74853AE1A215433009AE367 /* HNReader iOS Tests.xctest */ = {isa = PBXFileReference; explicitFileType = wrapper.cfbundle; includeInIndex = 0; path = "HNReader iOS Tests.xctest"; sourceTree = BUILT_PRODUCTS_DIR; };
		F74853B11A215433009AE367 /* Info.plist */ = {isa = PBXFileReference; lastKnownFileType = text.plist.xml; path = Info.plist; sourceTree = "<group>"; };
		F74853B21A215433009AE367 /* HNReader_iOS_Tests.m */ = {isa = PBXFileReference; lastKnownFileType = sourcecode.c.objc; path = HNReader_iOS_Tests.m; sourceTree = "<group>"; };
		F7556F8F1A22C9EF0065557E /* khash.h */ = {isa = PBXFileReference; fileEncoding = 4; lastKnownFileType = sourcecode.c.h; name = khash.h; path = readable/khash.h; sourceTree = "<group>"; };
		F7556F901A22C9EF0065557E /* rd_list.c */ = {isa = PBXFileReference; fileEncoding = 4; lastKnownFileType = sourcecode.c.c; name = rd_list.c; path = readable/rd_list.c; sourceTree = "<group>"; };
		F7556F911A22C9EF0065557E /* rd_list.h */ = {isa = PBXFileReference; fileEncoding = 4; lastKnownFileType = sourcecode.c.h; name = rd_list.h; path = readable/rd_list.h; sourceTree = "<group>"; };
		F7556F921A22C9EF0065557E /* readable.c */ = {isa = PBXFileReference; fileEncoding = 4; lastKnownFileType = sourcecode.c.c; name = readable.c; path = readable/readable.c; sourceTree = "<group>"; };
		F7556F931A22C9EF0065557E /* readable.h */ = {isa = PBXFileReference; fileEncoding = 4; lastKnownFileType = sourcecode.c.h; name = readable.h; path = readable/readable.h; sourceTree = "<group>"; };
		F759AEA5189EC28400BD46D1 /* libsqlite3.dylib */ = {isa = PBXFileReference; lastKnownFileType = "compiled.mach-o.dylib"; name = libsqlite3.dylib; path = usr/lib/libsqlite3.dylib; sourceTree = SDKROOT; };
		F76ACA6514354265004CF9EA /* libxml2.2.dylib */ = {isa = PBXFileReference; lastKnownFileType = "compiled.mach-o.dylib"; name = libxml2.2.dylib; path = usr/lib/libxml2.2.dylib; sourceTree = SDKROOT; };
		F77319C7189EC2AC00C360F1 /* libstdc++.dylib */ = {isa = PBXFileReference; lastKnownFileType = "compiled.mach-o.dylib"; name = "libstdc++.dylib"; path = "usr/lib/libstdc++.dylib"; sourceTree = SDKROOT; };
		F775DAD514340D7E00F93F48 /* HNReader iOS.app */ = {isa = PBXFileReference; explicitFileType = wrapper.application; includeInIndex = 0; path = "HNReader iOS.app"; sourceTree = BUILT_PRODUCTS_DIR; };
		F775DAD914340D7E00F93F48 /* UIKit.framework */ = {isa = PBXFileReference; lastKnownFileType = wrapper.framework; name = UIKit.framework; path = System/Library/Frameworks/UIKit.framework; sourceTree = SDKROOT; };
		F775DADB14340D7E00F93F48 /* Foundation.framework */ = {isa = PBXFileReference; lastKnownFileType = wrapper.framework; name = Foundation.framework; path = System/Library/Frameworks/Foundation.framework; sourceTree = SDKROOT; };
		F775DADD14340D7E00F93F48 /* CoreGraphics.framework */ = {isa = PBXFileReference; lastKnownFileType = wrapper.framework; name = CoreGraphics.framework; path = System/Library/Frameworks/CoreGraphics.framework; sourceTree = SDKROOT; };
		F775DAFF14340D7F00F93F48 /* SenTestingKit.framework */ = {isa = PBXFileReference; lastKnownFileType = wrapper.framework; name = SenTestingKit.framework; path = Library/Frameworks/SenTestingKit.framework; sourceTree = DEVELOPER_DIR; };
		F775DB3D1434110700F93F48 /* MobileCoreServices.framework */ = {isa = PBXFileReference; lastKnownFileType = wrapper.framework; name = MobileCoreServices.framework; path = System/Library/Frameworks/MobileCoreServices.framework; sourceTree = SDKROOT; };
		F775DB3E1434110700F93F48 /* SystemConfiguration.framework */ = {isa = PBXFileReference; lastKnownFileType = wrapper.framework; name = SystemConfiguration.framework; path = System/Library/Frameworks/SystemConfiguration.framework; sourceTree = SDKROOT; };
		F7A2406E1475704D00004287 /* libicucore.dylib */ = {isa = PBXFileReference; lastKnownFileType = "compiled.mach-o.dylib"; name = libicucore.dylib; path = usr/lib/libicucore.dylib; sourceTree = SDKROOT; };
		F7CAB0751A22C7B70074A76C /* HNCommentsDataSource.h */ = {isa = PBXFileReference; fileEncoding = 4; lastKnownFileType = sourcecode.c.h; name = HNCommentsDataSource.h; path = "HNReader iOS/HNCommentsDataSource.h"; sourceTree = SOURCE_ROOT; };
		F7CAB0761A22C7B70074A76C /* HNCommentsDataSource.m */ = {isa = PBXFileReference; fileEncoding = 4; lastKnownFileType = sourcecode.c.objc; name = HNCommentsDataSource.m; path = "HNReader iOS/HNCommentsDataSource.m"; sourceTree = SOURCE_ROOT; };
		F7CAB0771A22C7B70074A76C /* HNCommentsTableViewCell.h */ = {isa = PBXFileReference; fileEncoding = 4; lastKnownFileType = sourcecode.c.h; name = HNCommentsTableViewCell.h; path = "HNReader iOS/HNCommentsTableViewCell.h"; sourceTree = SOURCE_ROOT; };
		F7CAB0781A22C7B70074A76C /* HNCommentsTableViewCell.m */ = {isa = PBXFileReference; fileEncoding = 4; lastKnownFileType = sourcecode.c.objc; name = HNCommentsTableViewCell.m; path = "HNReader iOS/HNCommentsTableViewCell.m"; sourceTree = SOURCE_ROOT; };
		F7CAB0791A22C7B70074A76C /* HNCommentsTableViewCell.xib */ = {isa = PBXFileReference; fileEncoding = 4; lastKnownFileType = file.xib; name = HNCommentsTableViewCell.xib; path = "HNReader iOS/HNCommentsTableViewCell.xib"; sourceTree = SOURCE_ROOT; };
		F7CAB07A1A22C7B70074A76C /* HNCommentsViewController.h */ = {isa = PBXFileReference; fileEncoding = 4; lastKnownFileType = sourcecode.c.h; name = HNCommentsViewController.h; path = "HNReader iOS/HNCommentsViewController.h"; sourceTree = SOURCE_ROOT; };
		F7CAB07B1A22C7B70074A76C /* HNCommentsViewController.m */ = {isa = PBXFileReference; fileEncoding = 4; lastKnownFileType = sourcecode.c.objc; name = HNCommentsViewController.m; path = "HNReader iOS/HNCommentsViewController.m"; sourceTree = SOURCE_ROOT; };
		F7CAB07C1A22C7B70074A76C /* HNEntriesDataSource.h */ = {isa = PBXFileReference; fileEncoding = 4; lastKnownFileType = sourcecode.c.h; name = HNEntriesDataSource.h; path = "HNReader iOS/HNEntriesDataSource.h"; sourceTree = SOURCE_ROOT; };
		F7CAB07D1A22C7B70074A76C /* HNEntriesDataSource.m */ = {isa = PBXFileReference; fileEncoding = 4; lastKnownFileType = sourcecode.c.objc; name = HNEntriesDataSource.m; path = "HNReader iOS/HNEntriesDataSource.m"; sourceTree = SOURCE_ROOT; };
		F7CAB07E1A22C7B70074A76C /* HNEntriesTableViewCell.h */ = {isa = PBXFileReference; fileEncoding = 4; lastKnownFileType = sourcecode.c.h; name = HNEntriesTableViewCell.h; path = "HNReader iOS/HNEntriesTableViewCell.h"; sourceTree = SOURCE_ROOT; };
		F7CAB07F1A22C7B70074A76C /* HNEntriesTableViewCell.m */ = {isa = PBXFileReference; fileEncoding = 4; lastKnownFileType = sourcecode.c.objc; name = HNEntriesTableViewCell.m; path = "HNReader iOS/HNEntriesTableViewCell.m"; sourceTree = SOURCE_ROOT; };
		F7CAB0801A22C7B70074A76C /* HNEntriesTableViewCell.xib */ = {isa = PBXFileReference; fileEncoding = 4; lastKnownFileType = file.xib; name = HNEntriesTableViewCell.xib; path = "HNReader iOS/HNEntriesTableViewCell.xib"; sourceTree = SOURCE_ROOT; };
		F7CAB0811A22C7B70074A76C /* HNEntriesViewController.h */ = {isa = PBXFileReference; fileEncoding = 4; lastKnownFileType = sourcecode.c.h; name = HNEntriesViewController.h; path = "HNReader iOS/HNEntriesViewController.h"; sourceTree = SOURCE_ROOT; };
		F7CAB0821A22C7B70074A76C /* HNEntriesViewController.m */ = {isa = PBXFileReference; fileEncoding = 4; lastKnownFileType = sourcecode.c.objc; name = HNEntriesViewController.m; path = "HNReader iOS/HNEntriesViewController.m"; sourceTree = SOURCE_ROOT; };
		F7CAB0831A22C7B70074A76C /* HNLabel.h */ = {isa = PBXFileReference; fileEncoding = 4; lastKnownFileType = sourcecode.c.h; name = HNLabel.h; path = "HNReader iOS/HNLabel.h"; sourceTree = SOURCE_ROOT; };
		F7CAB0841A22C7B70074A76C /* HNLabel.m */ = {isa = PBXFileReference; fileEncoding = 4; lastKnownFileType = sourcecode.c.objc; name = HNLabel.m; path = "HNReader iOS/HNLabel.m"; sourceTree = SOURCE_ROOT; };
		F7CAB0851A22C7B70074A76C /* HNLoadMoreTableViewCell.h */ = {isa = PBXFileReference; fileEncoding = 4; lastKnownFileType = sourcecode.c.h; name = HNLoadMoreTableViewCell.h; path = "HNReader iOS/HNLoadMoreTableViewCell.h"; sourceTree = SOURCE_ROOT; };
		F7CAB0861A22C7B70074A76C /* HNLoadMoreTableViewCell.m */ = {isa = PBXFileReference; fileEncoding = 4; lastKnownFileType = sourcecode.c.objc; name = HNLoadMoreTableViewCell.m; path = "HNReader iOS/HNLoadMoreTableViewCell.m"; sourceTree = SOURCE_ROOT; };
		F7CAB0871A22C7B70074A76C /* Info.plist */ = {isa = PBXFileReference; fileEncoding = 4; lastKnownFileType = text.plist.xml; name = Info.plist; path = "HNReader iOS/Info.plist"; sourceTree = SOURCE_ROOT; };
		F7CAB0881A22C7B70074A76C /* HNReader-Prefix.pch */ = {isa = PBXFileReference; fileEncoding = 4; lastKnownFileType = sourcecode.c.h; name = "HNReader-Prefix.pch"; path = "HNReader iOS/HNReader-Prefix.pch"; sourceTree = SOURCE_ROOT; };
		F7CAB0891A22C7B70074A76C /* HNReaderAppDelegate.h */ = {isa = PBXFileReference; fileEncoding = 4; lastKnownFileType = sourcecode.c.h; name = HNReaderAppDelegate.h; path = "HNReader iOS/HNReaderAppDelegate.h"; sourceTree = SOURCE_ROOT; };
		F7CAB08A1A22C7B70074A76C /* HNReaderAppDelegate.m */ = {isa = PBXFileReference; fileEncoding = 4; lastKnownFileType = sourcecode.c.objc; name = HNReaderAppDelegate.m; path = "HNReader iOS/HNReaderAppDelegate.m"; sourceTree = SOURCE_ROOT; };
		F7CAB08B1A22C7B70074A76C /* HNWebViewController.h */ = {isa = PBXFileReference; fileEncoding = 4; lastKnownFileType = sourcecode.c.h; name = HNWebViewController.h; path = "HNReader iOS/HNWebViewController.h"; sourceTree = SOURCE_ROOT; };
		F7CAB08C1A22C7B70074A76C /* HNWebViewController.m */ = {isa = PBXFileReference; fileEncoding = 4; lastKnownFileType = sourcecode.c.objc; name = HNWebViewController.m; path = "HNReader iOS/HNWebViewController.m"; sourceTree = SOURCE_ROOT; };
		F7CAB08D1A22C7B70074A76C /* Images.xcassets */ = {isa = PBXFileReference; lastKnownFileType = folder.assetcatalog; name = Images.xcassets; path = "HNReader iOS/Images.xcassets"; sourceTree = SOURCE_ROOT; };
		F7CAB08E1A22C7B70074A76C /* main.m */ = {isa = PBXFileReference; fileEncoding = 4; lastKnownFileType = sourcecode.c.objc; name = main.m; path = "HNReader iOS/main.m"; sourceTree = SOURCE_ROOT; };
		F7CAB08F1A22C7B70074A76C /* Main.storyboard */ = {isa = PBXFileReference; fileEncoding = 4; lastKnownFileType = file.storyboard; name = Main.storyboard; path = "HNReader iOS/Main.storyboard"; sourceTree = SOURCE_ROOT; };
		F7CAB0901A22C7B70074A76C /* NSString+HNCommentTools.h */ = {isa = PBXFileReference; fileEncoding = 4; lastKnownFileType = sourcecode.c.h; name = "NSString+HNCommentTools.h"; path = "HNReader iOS/NSString+HNCommentTools.h"; sourceTree = SOURCE_ROOT; };
		F7CAB0911A22C7B70074A76C /* NSString+HNCommentTools.m */ = {isa = PBXFileReference; fileEncoding = 4; lastKnownFileType = sourcecode.c.objc; name = "NSString+HNCommentTools.m"; path = "HNReader iOS/NSString+HNCommentTools.m"; sourceTree = SOURCE_ROOT; };
		F7CAB0921A22C7B70074A76C /* UIAlertView+HNAlertView.h */ = {isa = PBXFileReference; fileEncoding = 4; lastKnownFileType = sourcecode.c.h; name = "UIAlertView+HNAlertView.h"; path = "HNReader iOS/UIAlertView+HNAlertView.h"; sourceTree = SOURCE_ROOT; };
		F7CAB0931A22C7B70074A76C /* UIAlertView+HNAlertView.m */ = {isa = PBXFileReference; fileEncoding = 4; lastKnownFileType = sourcecode.c.objc; name = "UIAlertView+HNAlertView.m"; path = "HNReader iOS/UIAlertView+HNAlertView.m"; sourceTree = SOURCE_ROOT; };
		F7CAB0941A22C7B70074A76C /* UIColor+HNReaderTheme.h */ = {isa = PBXFileReference; fileEncoding = 4; lastKnownFileType = sourcecode.c.h; name = "UIColor+HNReaderTheme.h"; path = "HNReader iOS/UIColor+HNReaderTheme.h"; sourceTree = SOURCE_ROOT; };
		F7CAB0951A22C7B70074A76C /* UIColor+HNReaderTheme.m */ = {isa = PBXFileReference; fileEncoding = 4; lastKnownFileType = sourcecode.c.objc; name = "UIColor+HNReaderTheme.m"; path = "HNReader iOS/UIColor+HNReaderTheme.m"; sourceTree = SOURCE_ROOT; };
		F7E8DA051A229C15007D009E /* HNCacheManager.h */ = {isa = PBXFileReference; fileEncoding = 4; lastKnownFileType = sourcecode.c.h; name = HNCacheManager.h; path = Shared/HNCacheManager.h; sourceTree = "<group>"; };
		F7E8DA061A229C15007D009E /* HNCacheManager.m */ = {isa = PBXFileReference; fileEncoding = 4; lastKnownFileType = sourcecode.c.objc; name = HNCacheManager.m; path = Shared/HNCacheManager.m; sourceTree = "<group>"; };
		F7E8DA071A229C15007D009E /* HNClient.h */ = {isa = PBXFileReference; fileEncoding = 4; lastKnownFileType = sourcecode.c.h; name = HNClient.h; path = Shared/HNClient.h; sourceTree = "<group>"; };
		F7E8DA081A229C15007D009E /* HNClient.m */ = {isa = PBXFileReference; fileEncoding = 4; lastKnownFileType = sourcecode.c.objc; name = HNClient.m; path = Shared/HNClient.m; sourceTree = "<group>"; };
		F7E8DA091A229C15007D009E /* HNComment.h */ = {isa = PBXFileReference; fileEncoding = 4; lastKnownFileType = sourcecode.c.h; name = HNComment.h; path = Shared/HNComment.h; sourceTree = "<group>"; };
		F7E8DA0A1A229C15007D009E /* HNComment.m */ = {isa = PBXFileReference; fileEncoding = 4; lastKnownFileType = sourcecode.c.objc; name = HNComment.m; path = Shared/HNComment.m; sourceTree = "<group>"; };
		F7E8DA0B1A229C15007D009E /* HNCommentsModel.h */ = {isa = PBXFileReference; fileEncoding = 4; lastKnownFileType = sourcecode.c.h; name = HNCommentsModel.h; path = Shared/HNCommentsModel.h; sourceTree = "<group>"; };
		F7E8DA0C1A229C15007D009E /* HNCommentsModel.m */ = {isa = PBXFileReference; fileEncoding = 4; lastKnownFileType = sourcecode.c.objc; name = HNCommentsModel.m; path = Shared/HNCommentsModel.m; sourceTree = "<group>"; };
		F7E8DA0D1A229C15007D009E /* HNConstants.h */ = {isa = PBXFileReference; fileEncoding = 4; lastKnownFileType = sourcecode.c.h; name = HNConstants.h; path = Shared/HNConstants.h; sourceTree = "<group>"; };
		F7E8DA0E1A229C15007D009E /* HNConstants.m */ = {isa = PBXFileReference; fileEncoding = 4; lastKnownFileType = sourcecode.c.objc; name = HNConstants.m; path = Shared/HNConstants.m; sourceTree = "<group>"; };
		F7E8DA0F1A229C15007D009E /* HNEntriesModel.h */ = {isa = PBXFileReference; fileEncoding = 4; lastKnownFileType = sourcecode.c.h; name = HNEntriesModel.h; path = Shared/HNEntriesModel.h; sourceTree = "<group>"; };
		F7E8DA101A229C15007D009E /* HNEntriesModel.m */ = {isa = PBXFileReference; fileEncoding = 4; lastKnownFileType = sourcecode.c.objc; name = HNEntriesModel.m; path = Shared/HNEntriesModel.m; sourceTree = "<group>"; };
		F7E8DA111A229C15007D009E /* HNEntry.h */ = {isa = PBXFileReference; fileEncoding = 4; lastKnownFileType = sourcecode.c.h; name = HNEntry.h; path = Shared/HNEntry.h; sourceTree = "<group>"; };
		F7E8DA121A229C15007D009E /* HNEntry.m */ = {isa = PBXFileReference; fileEncoding = 4; lastKnownFileType = sourcecode.c.objc; name = HNEntry.m; path = Shared/HNEntry.m; sourceTree = "<group>"; };
		F7E8DA131A229C15007D009E /* HNParser.h */ = {isa = PBXFileReference; fileEncoding = 4; lastKnownFileType = sourcecode.c.h; name = HNParser.h; path = Shared/HNParser.h; sourceTree = "<group>"; };
		F7E8DA141A229C15007D009E /* HNParser.m */ = {isa = PBXFileReference; fileEncoding = 4; lastKnownFileType = sourcecode.c.objc; name = HNParser.m; path = Shared/HNParser.m; sourceTree = "<group>"; };
/* End PBXFileReference section */

/* Begin PBXFrameworksBuildPhase section */
		F74853871A2153EC009AE367 /* Frameworks */ = {
			isa = PBXFrameworksBuildPhase;
			buildActionMask = 2147483647;
			files = (
				BBEFFC1C6840124824D3BDD1 /* libPods-HNReader OS X.a in Frameworks */,
			);
			runOnlyForDeploymentPostprocessing = 0;
		};
		F74853991A2153EC009AE367 /* Frameworks */ = {
			isa = PBXFrameworksBuildPhase;
			buildActionMask = 2147483647;
			files = (
			);
			runOnlyForDeploymentPostprocessing = 0;
		};
		F74853AB1A215433009AE367 /* Frameworks */ = {
			isa = PBXFrameworksBuildPhase;
			buildActionMask = 2147483647;
			files = (
			);
			runOnlyForDeploymentPostprocessing = 0;
		};
		F775DAD214340D7E00F93F48 /* Frameworks */ = {
			isa = PBXFrameworksBuildPhase;
			buildActionMask = 2147483647;
			files = (
				F71C31E5196C9B96003C8BCD /* libstdc++.dylib in Frameworks */,
				F71C31E4196C9B88003C8BCD /* libsqlite3.dylib in Frameworks */,
				F71C31E3196C9B49003C8BCD /* libxml2.2.dylib in Frameworks */,
				F7A2406F1475704D00004287 /* libicucore.dylib in Frameworks */,
				F775DADA14340D7E00F93F48 /* UIKit.framework in Frameworks */,
				F775DADC14340D7E00F93F48 /* Foundation.framework in Frameworks */,
				AE59B6DF31954A76A5E98D27 /* libPods.a in Frameworks */,
				0543517766E62D42CABE42AB /* libPods-HNReader iOS.a in Frameworks */,
			);
			runOnlyForDeploymentPostprocessing = 0;
		};
/* End PBXFrameworksBuildPhase section */

/* Begin PBXGroup section */
		04AABEA50996D06B5FCF79F1 /* Pods */ = {
			isa = PBXGroup;
			children = (
				E994DDBC5901394C25F2D4F3 /* Pods-HNReader OS X.debug.xcconfig */,
				531D5B35C56BCECED1BA5408 /* Pods-HNReader OS X.release.xcconfig */,
				A88E3EAE52E71F17122A60C9 /* Pods-HNReader iOS.debug.xcconfig */,
				DFE1D00BC77BAAAAA01700B6 /* Pods-HNReader iOS.release.xcconfig */,
			);
			name = Pods;
			sourceTree = "<group>";
		};
		F748538B1A2153EC009AE367 /* HNReader OS X */ = {
			isa = PBXGroup;
			children = (
				F71281171A22BDAB00C57D60 /* AppDelegate.h */,
				F71281181A22BDAB00C57D60 /* AppDelegate.m */,
				F712811E1A22BDBB00C57D60 /* MainMenu.xib */,
				F712815F1A22C45100C57D60 /* Images.xcassets */,
				F748538C1A2153EC009AE367 /* Supporting Files */,
			);
			name = "HNReader OS X";
			path = "HNReader OSX";
			sourceTree = "<group>";
		};
		F748538C1A2153EC009AE367 /* Supporting Files */ = {
			isa = PBXGroup;
			children = (
				F71281191A22BDAB00C57D60 /* Info.plist */,
				F712811A1A22BDAB00C57D60 /* main.m */,
			);
			name = "Supporting Files";
			sourceTree = "<group>";
		};
		F748539F1A2153EC009AE367 /* HNReader OS X Tests */ = {
			isa = PBXGroup;
			children = (
				F71281211A22BE2F00C57D60 /* HNReader_OSXTests.m */,
				F74853A01A2153EC009AE367 /* Supporting Files */,
			);
			path = "HNReader OS X Tests";
			sourceTree = "<group>";
		};
		F74853A01A2153EC009AE367 /* Supporting Files */ = {
			isa = PBXGroup;
			children = (
				F71281221A22BE2F00C57D60 /* Info.plist */,
			);
			name = "Supporting Files";
			sourceTree = "<group>";
		};
		F74853AF1A215433009AE367 /* HNReader iOS Tests */ = {
			isa = PBXGroup;
			children = (
				F74853B21A215433009AE367 /* HNReader_iOS_Tests.m */,
				F74853B01A215433009AE367 /* Supporting Files */,
			);
			path = "HNReader iOS Tests";
			sourceTree = "<group>";
		};
		F74853B01A215433009AE367 /* Supporting Files */ = {
			isa = PBXGroup;
			children = (
				F74853B11A215433009AE367 /* Info.plist */,
			);
			name = "Supporting Files";
			sourceTree = "<group>";
		};
		F74853B91A2154CD009AE367 /* HNReader iOS */ = {
			isa = PBXGroup;
			children = (
				F775DADF14340D7E00F93F48 /* HNReader iOS */,
				F74853AF1A215433009AE367 /* HNReader iOS Tests */,
			);
			name = "HNReader iOS";
			sourceTree = "<group>";
		};
		F74853BA1A2154D9009AE367 /* HNReader OS X */ = {
			isa = PBXGroup;
			children = (
				F748538B1A2153EC009AE367 /* HNReader OS X */,
				F748539F1A2153EC009AE367 /* HNReader OS X Tests */,
			);
			name = "HNReader OS X";
			sourceTree = "<group>";
		};
		F7556F8E1A22C9DF0065557E /* readable */ = {
			isa = PBXGroup;
			children = (
				F7556F8F1A22C9EF0065557E /* khash.h */,
				F7556F901A22C9EF0065557E /* rd_list.c */,
				F7556F911A22C9EF0065557E /* rd_list.h */,
				F7556F921A22C9EF0065557E /* readable.c */,
				F7556F931A22C9EF0065557E /* readable.h */,
			);
			name = readable;
			sourceTree = "<group>";
		};
		F775DACA14340D7E00F93F48 = {
			isa = PBXGroup;
			children = (
				F7CDB00A1A2298D000547F5F /* Shared */,
				F74853B91A2154CD009AE367 /* HNReader iOS */,
				F74853BA1A2154D9009AE367 /* HNReader OS X */,
				F775DAD814340D7E00F93F48 /* Frameworks */,
				F775DAD614340D7E00F93F48 /* Products */,
				04AABEA50996D06B5FCF79F1 /* Pods */,
			);
			sourceTree = "<group>";
		};
		F775DAD614340D7E00F93F48 /* Products */ = {
			isa = PBXGroup;
			children = (
				F775DAD514340D7E00F93F48 /* HNReader iOS.app */,
				F748538A1A2153EC009AE367 /* HNReader OS X.app */,
				F748539C1A2153EC009AE367 /* HNReader OS X Tests.xctest */,
				F74853AE1A215433009AE367 /* HNReader iOS Tests.xctest */,
			);
			name = Products;
			sourceTree = "<group>";
		};
		F775DAD814340D7E00F93F48 /* Frameworks */ = {
			isa = PBXGroup;
			children = (
				F77319C7189EC2AC00C360F1 /* libstdc++.dylib */,
				F759AEA5189EC28400BD46D1 /* libsqlite3.dylib */,
				F775DB3D1434110700F93F48 /* MobileCoreServices.framework */,
				F775DB3E1434110700F93F48 /* SystemConfiguration.framework */,
				F775DAD914340D7E00F93F48 /* UIKit.framework */,
				F775DADB14340D7E00F93F48 /* Foundation.framework */,
				F775DADD14340D7E00F93F48 /* CoreGraphics.framework */,
				F775DAFF14340D7F00F93F48 /* SenTestingKit.framework */,
				F70A0FF2143BF99100D61E8A /* QuartzCore.framework */,
				F76ACA6514354265004CF9EA /* libxml2.2.dylib */,
				F7A2406E1475704D00004287 /* libicucore.dylib */,
				DBA80079524E4F5FBE1F3871 /* libPods.a */,
				9E8AF2D02AC17B25A692CF5A /* libPods-HNReader OS X.a */,
				2B912C5AA3874D1ECCF9872B /* libPods-HNReader iOS.a */,
			);
			name = Frameworks;
			sourceTree = "<group>";
		};
		F775DADF14340D7E00F93F48 /* HNReader iOS */ = {
			isa = PBXGroup;
			children = (
				F7CAB0751A22C7B70074A76C /* HNCommentsDataSource.h */,
				F7CAB0761A22C7B70074A76C /* HNCommentsDataSource.m */,
				F7CAB0771A22C7B70074A76C /* HNCommentsTableViewCell.h */,
				F7CAB0781A22C7B70074A76C /* HNCommentsTableViewCell.m */,
				F7CAB0791A22C7B70074A76C /* HNCommentsTableViewCell.xib */,
				F7CAB07A1A22C7B70074A76C /* HNCommentsViewController.h */,
				F7CAB07B1A22C7B70074A76C /* HNCommentsViewController.m */,
				F7CAB07C1A22C7B70074A76C /* HNEntriesDataSource.h */,
				F7CAB07D1A22C7B70074A76C /* HNEntriesDataSource.m */,
				F7CAB07E1A22C7B70074A76C /* HNEntriesTableViewCell.h */,
				F7CAB07F1A22C7B70074A76C /* HNEntriesTableViewCell.m */,
				F7CAB0801A22C7B70074A76C /* HNEntriesTableViewCell.xib */,
				F7CAB0811A22C7B70074A76C /* HNEntriesViewController.h */,
				F7CAB0821A22C7B70074A76C /* HNEntriesViewController.m */,
				F7CAB0831A22C7B70074A76C /* HNLabel.h */,
				F7CAB0841A22C7B70074A76C /* HNLabel.m */,
				F7CAB0851A22C7B70074A76C /* HNLoadMoreTableViewCell.h */,
				F7CAB0861A22C7B70074A76C /* HNLoadMoreTableViewCell.m */,
				F7CAB0881A22C7B70074A76C /* HNReader-Prefix.pch */,
				F7CAB0891A22C7B70074A76C /* HNReaderAppDelegate.h */,
				F7CAB08A1A22C7B70074A76C /* HNReaderAppDelegate.m */,
				F7CAB08B1A22C7B70074A76C /* HNWebViewController.h */,
				F7CAB08C1A22C7B70074A76C /* HNWebViewController.m */,
				F7CAB08D1A22C7B70074A76C /* Images.xcassets */,
				F7CAB08F1A22C7B70074A76C /* Main.storyboard */,
				F7CAB0901A22C7B70074A76C /* NSString+HNCommentTools.h */,
				F7CAB0911A22C7B70074A76C /* NSString+HNCommentTools.m */,
				F7CAB0921A22C7B70074A76C /* UIAlertView+HNAlertView.h */,
				F7CAB0931A22C7B70074A76C /* UIAlertView+HNAlertView.m */,
				F7CAB0941A22C7B70074A76C /* UIColor+HNReaderTheme.h */,
				F7CAB0951A22C7B70074A76C /* UIColor+HNReaderTheme.m */,
				F775DAE014340D7E00F93F48 /* Supporting Files */,
			);
			name = "HNReader iOS";
			path = HNReader;
			sourceTree = "<group>";
		};
		F775DAE014340D7E00F93F48 /* Supporting Files */ = {
			isa = PBXGroup;
			children = (
				F7CAB0871A22C7B70074A76C /* Info.plist */,
				F7CAB08E1A22C7B70074A76C /* main.m */,
			);
			name = "Supporting Files";
			sourceTree = "<group>";
		};
		F7CDB00A1A2298D000547F5F /* Shared */ = {
			isa = PBXGroup;
			children = (
				F7556F8E1A22C9DF0065557E /* readable */,
				F7E8DA051A229C15007D009E /* HNCacheManager.h */,
				F7E8DA061A229C15007D009E /* HNCacheManager.m */,
				F7E8DA131A229C15007D009E /* HNParser.h */,
				F7E8DA141A229C15007D009E /* HNParser.m */,
				F7E8DA071A229C15007D009E /* HNClient.h */,
				F7E8DA081A229C15007D009E /* HNClient.m */,
				F7E8DA091A229C15007D009E /* HNComment.h */,
				F7E8DA0A1A229C15007D009E /* HNComment.m */,
				F7E8DA0B1A229C15007D009E /* HNCommentsModel.h */,
				F7E8DA0C1A229C15007D009E /* HNCommentsModel.m */,
				F7E8DA0D1A229C15007D009E /* HNConstants.h */,
				F7E8DA0E1A229C15007D009E /* HNConstants.m */,
				F7E8DA0F1A229C15007D009E /* HNEntriesModel.h */,
				F7E8DA101A229C15007D009E /* HNEntriesModel.m */,
				F7E8DA111A229C15007D009E /* HNEntry.h */,
				F7E8DA121A229C15007D009E /* HNEntry.m */,
			);
			name = Shared;
			sourceTree = "<group>";
		};
/* End PBXGroup section */

/* Begin PBXNativeTarget section */
		F74853891A2153EC009AE367 /* HNReader OS X */ = {
			isa = PBXNativeTarget;
			buildConfigurationList = F74853A41A2153EC009AE367 /* Build configuration list for PBXNativeTarget "HNReader OS X" */;
			buildPhases = (
				F517CBDD1D6A96B2FD5BE774 /* Check Pods Manifest.lock */,
				F74853861A2153EC009AE367 /* Sources */,
				F74853871A2153EC009AE367 /* Frameworks */,
				F74853881A2153EC009AE367 /* Resources */,
				B9D5DA5CCF24E08EC2208740 /* Copy Pods Resources */,
			);
			buildRules = (
			);
			dependencies = (
			);
			name = "HNReader OS X";
			productName = "HNReader OSX";
			productReference = F748538A1A2153EC009AE367 /* HNReader OS X.app */;
			productType = "com.apple.product-type.application";
		};
		F748539B1A2153EC009AE367 /* HNReader OS X Tests */ = {
			isa = PBXNativeTarget;
			buildConfigurationList = F74853A71A2153EC009AE367 /* Build configuration list for PBXNativeTarget "HNReader OS X Tests" */;
			buildPhases = (
				F74853981A2153EC009AE367 /* Sources */,
				F74853991A2153EC009AE367 /* Frameworks */,
				F748539A1A2153EC009AE367 /* Resources */,
			);
			buildRules = (
			);
			dependencies = (
				F748539E1A2153EC009AE367 /* PBXTargetDependency */,
			);
			name = "HNReader OS X Tests";
			productName = "HNReader OS X Tests";
			productReference = F748539C1A2153EC009AE367 /* HNReader OS X Tests.xctest */;
			productType = "com.apple.product-type.bundle.unit-test";
		};
		F74853AD1A215433009AE367 /* HNReader iOS Tests */ = {
			isa = PBXNativeTarget;
			buildConfigurationList = F74853B61A215433009AE367 /* Build configuration list for PBXNativeTarget "HNReader iOS Tests" */;
			buildPhases = (
				F74853AA1A215433009AE367 /* Sources */,
				F74853AB1A215433009AE367 /* Frameworks */,
				F74853AC1A215433009AE367 /* Resources */,
			);
			buildRules = (
			);
			dependencies = (
				F74853B51A215433009AE367 /* PBXTargetDependency */,
			);
			name = "HNReader iOS Tests";
			productName = "HNReader iOS Tests";
			productReference = F74853AE1A215433009AE367 /* HNReader iOS Tests.xctest */;
			productType = "com.apple.product-type.bundle.unit-test";
		};
		F775DAD414340D7E00F93F48 /* HNReader iOS */ = {
			isa = PBXNativeTarget;
			buildConfigurationList = F775DB1214340D7F00F93F48 /* Build configuration list for PBXNativeTarget "HNReader iOS" */;
			buildPhases = (
				534CD3E76477478099402D64 /* Check Pods Manifest.lock */,
				F775DAD114340D7E00F93F48 /* Sources */,
				F775DAD214340D7E00F93F48 /* Frameworks */,
				F775DAD314340D7E00F93F48 /* Resources */,
				C511BC34BE894F8FB00BD40A /* Copy Pods Resources */,
			);
			buildRules = (
			);
			dependencies = (
			);
			name = "HNReader iOS";
			productName = HNReader;
			productReference = F775DAD514340D7E00F93F48 /* HNReader iOS.app */;
			productType = "com.apple.product-type.application";
		};
/* End PBXNativeTarget section */

/* Begin PBXProject section */
		F775DACC14340D7E00F93F48 /* Project object */ = {
			isa = PBXProject;
			attributes = {
				LastTestingUpgradeCheck = 0510;
				LastUpgradeCheck = 0600;
				TargetAttributes = {
					F74853891A2153EC009AE367 = {
						CreatedOnToolsVersion = 6.2;
					};
					F748539B1A2153EC009AE367 = {
						CreatedOnToolsVersion = 6.2;
						DevelopmentTeam = 9XH5KEL8D8;
						TestTargetID = F74853891A2153EC009AE367;
					};
					F74853AD1A215433009AE367 = {
						CreatedOnToolsVersion = 6.2;
						TestTargetID = F775DAD414340D7E00F93F48;
					};
				};
			};
			buildConfigurationList = F775DACF14340D7E00F93F48 /* Build configuration list for PBXProject "HNReader" */;
			compatibilityVersion = "Xcode 3.2";
			developmentRegion = English;
			hasScannedForEncodings = 0;
			knownRegions = (
				en,
				Base,
			);
			mainGroup = F775DACA14340D7E00F93F48;
			productRefGroup = F775DAD614340D7E00F93F48 /* Products */;
			projectDirPath = "";
			projectRoot = "";
			targets = (
				F775DAD414340D7E00F93F48 /* HNReader iOS */,
				F74853891A2153EC009AE367 /* HNReader OS X */,
				F748539B1A2153EC009AE367 /* HNReader OS X Tests */,
				F74853AD1A215433009AE367 /* HNReader iOS Tests */,
			);
		};
/* End PBXProject section */

/* Begin PBXResourcesBuildPhase section */
		F74853881A2153EC009AE367 /* Resources */ = {
			isa = PBXResourcesBuildPhase;
			buildActionMask = 2147483647;
			files = (
				F71281251A22BF0100C57D60 /* MainMenu.xib in Resources */,
			);
			runOnlyForDeploymentPostprocessing = 0;
		};
		F748539A1A2153EC009AE367 /* Resources */ = {
			isa = PBXResourcesBuildPhase;
			buildActionMask = 2147483647;
			files = (
			);
			runOnlyForDeploymentPostprocessing = 0;
		};
		F74853AC1A215433009AE367 /* Resources */ = {
			isa = PBXResourcesBuildPhase;
			buildActionMask = 2147483647;
			files = (
			);
			runOnlyForDeploymentPostprocessing = 0;
		};
		F775DAD314340D7E00F93F48 /* Resources */ = {
			isa = PBXResourcesBuildPhase;
			buildActionMask = 2147483647;
			files = (
				F7CAB09C1A22C7B70074A76C /* HNEntriesTableViewCell.xib in Resources */,
				F7CAB0A31A22C7B70074A76C /* Images.xcassets in Resources */,
				F71281601A22C45100C57D60 /* Images.xcassets in Resources */,
				F7CAB0A51A22C7B70074A76C /* Main.storyboard in Resources */,
				F7CAB0981A22C7B70074A76C /* HNCommentsTableViewCell.xib in Resources */,
			);
			runOnlyForDeploymentPostprocessing = 0;
		};
/* End PBXResourcesBuildPhase section */

/* Begin PBXShellScriptBuildPhase section */
		534CD3E76477478099402D64 /* Check Pods Manifest.lock */ = {
			isa = PBXShellScriptBuildPhase;
			buildActionMask = 2147483647;
			files = (
			);
			inputPaths = (
			);
			name = "Check Pods Manifest.lock";
			outputPaths = (
			);
			runOnlyForDeploymentPostprocessing = 0;
			shellPath = /bin/sh;
			shellScript = "diff \"${PODS_ROOT}/../Podfile.lock\" \"${PODS_ROOT}/Manifest.lock\" > /dev/null\nif [[ $? != 0 ]] ; then\n    cat << EOM\nerror: The sandbox is not in sync with the Podfile.lock. Run 'pod install' or update your CocoaPods installation.\nEOM\n    exit 1\nfi\n";
		};
		B9D5DA5CCF24E08EC2208740 /* Copy Pods Resources */ = {
			isa = PBXShellScriptBuildPhase;
			buildActionMask = 2147483647;
			files = (
			);
			inputPaths = (
			);
			name = "Copy Pods Resources";
			outputPaths = (
			);
			runOnlyForDeploymentPostprocessing = 0;
			shellPath = /bin/sh;
			shellScript = "\"${SRCROOT}/Pods/Target Support Files/Pods-HNReader OS X/Pods-HNReader OS X-resources.sh\"\n";
			showEnvVarsInLog = 0;
		};
		C511BC34BE894F8FB00BD40A /* Copy Pods Resources */ = {
			isa = PBXShellScriptBuildPhase;
			buildActionMask = 2147483647;
			files = (
			);
			inputPaths = (
			);
			name = "Copy Pods Resources";
			outputPaths = (
			);
			runOnlyForDeploymentPostprocessing = 0;
			shellPath = /bin/sh;
			shellScript = "\"${SRCROOT}/Pods/Target Support Files/Pods-HNReader iOS/Pods-HNReader iOS-resources.sh\"\n";
			showEnvVarsInLog = 0;
		};
		F517CBDD1D6A96B2FD5BE774 /* Check Pods Manifest.lock */ = {
			isa = PBXShellScriptBuildPhase;
			buildActionMask = 2147483647;
			files = (
			);
			inputPaths = (
			);
			name = "Check Pods Manifest.lock";
			outputPaths = (
			);
			runOnlyForDeploymentPostprocessing = 0;
			shellPath = /bin/sh;
			shellScript = "diff \"${PODS_ROOT}/../Podfile.lock\" \"${PODS_ROOT}/Manifest.lock\" > /dev/null\nif [[ $? != 0 ]] ; then\n    cat << EOM\nerror: The sandbox is not in sync with the Podfile.lock. Run 'pod install' or update your CocoaPods installation.\nEOM\n    exit 1\nfi\n";
			showEnvVarsInLog = 0;
		};
/* End PBXShellScriptBuildPhase section */

/* Begin PBXSourcesBuildPhase section */
		F74853861A2153EC009AE367 /* Sources */ = {
			isa = PBXSourcesBuildPhase;
			buildActionMask = 2147483647;
			files = (
				F712815D1A22C07000C57D60 /* HNEntriesModel.m in Sources */,
				F71281581A22C07000C57D60 /* HNParser.m in Sources */,
				F712815A1A22C07000C57D60 /* HNComment.m in Sources */,
				F712815B1A22C07000C57D60 /* HNCommentsModel.m in Sources */,
				F712815E1A22C07000C57D60 /* HNEntry.m in Sources */,
				F712815C1A22C07000C57D60 /* HNConstants.m in Sources */,
				F71281571A22C07000C57D60 /* HNCacheManager.m in Sources */,
				F712811D1A22BDAB00C57D60 /* main.m in Sources */,
				F712811B1A22BDAB00C57D60 /* AppDelegate.m in Sources */,
				F71281591A22C07000C57D60 /* HNClient.m in Sources */,
			);
			runOnlyForDeploymentPostprocessing = 0;
		};
		F74853981A2153EC009AE367 /* Sources */ = {
			isa = PBXSourcesBuildPhase;
			buildActionMask = 2147483647;
			files = (
				F71281231A22BE2F00C57D60 /* HNReader_OSXTests.m in Sources */,
			);
			runOnlyForDeploymentPostprocessing = 0;
		};
		F74853AA1A215433009AE367 /* Sources */ = {
			isa = PBXSourcesBuildPhase;
			buildActionMask = 2147483647;
			files = (
				F74853B31A215433009AE367 /* HNReader_iOS_Tests.m in Sources */,
			);
			runOnlyForDeploymentPostprocessing = 0;
		};
		F775DAD114340D7E00F93F48 /* Sources */ = {
			isa = PBXSourcesBuildPhase;
			buildActionMask = 2147483647;
			files = (
				F7CAB0A11A22C7B70074A76C /* HNReaderAppDelegate.m in Sources */,
				F7E8DA1C1A229C15007D009E /* HNParser.m in Sources */,
				F7CAB09E1A22C7B70074A76C /* HNLabel.m in Sources */,
				F7E8DA161A229C15007D009E /* HNClient.m in Sources */,
				F7E8DA191A229C15007D009E /* HNConstants.m in Sources */,
				F7CAB09D1A22C7B70074A76C /* HNEntriesViewController.m in Sources */,
				F7CAB0A81A22C7B70074A76C /* UIColor+HNReaderTheme.m in Sources */,
				F7CAB09A1A22C7B70074A76C /* HNEntriesDataSource.m in Sources */,
				F7E8DA171A229C15007D009E /* HNComment.m in Sources */,
				F7CAB0991A22C7B70074A76C /* HNCommentsViewController.m in Sources */,
				F7E8DA151A229C15007D009E /* HNCacheManager.m in Sources */,
				F7556F961A22C9EF0065557E /* readable.c in Sources */,
				F7CAB0A61A22C7B70074A76C /* NSString+HNCommentTools.m in Sources */,
				F7CAB0A21A22C7B70074A76C /* HNWebViewController.m in Sources */,
				F7E8DA181A229C15007D009E /* HNCommentsModel.m in Sources */,
				F7E8DA1B1A229C15007D009E /* HNEntry.m in Sources */,
				F7E8DA1A1A229C15007D009E /* HNEntriesModel.m in Sources */,
				F7CAB0961A22C7B70074A76C /* HNCommentsDataSource.m in Sources */,
				F7556F941A22C9EF0065557E /* rd_list.c in Sources */,
				F7CAB0A71A22C7B70074A76C /* UIAlertView+HNAlertView.m in Sources */,
				F7CAB09F1A22C7B70074A76C /* HNLoadMoreTableViewCell.m in Sources */,
				F7CAB0971A22C7B70074A76C /* HNCommentsTableViewCell.m in Sources */,
				F7CAB0A41A22C7B70074A76C /* main.m in Sources */,
				F7CAB09B1A22C7B70074A76C /* HNEntriesTableViewCell.m in Sources */,
			);
			runOnlyForDeploymentPostprocessing = 0;
		};
/* End PBXSourcesBuildPhase section */

/* Begin PBXTargetDependency section */
		F748539E1A2153EC009AE367 /* PBXTargetDependency */ = {
			isa = PBXTargetDependency;
			target = F74853891A2153EC009AE367 /* HNReader OS X */;
			targetProxy = F748539D1A2153EC009AE367 /* PBXContainerItemProxy */;
		};
		F74853B51A215433009AE367 /* PBXTargetDependency */ = {
			isa = PBXTargetDependency;
			target = F775DAD414340D7E00F93F48 /* HNReader iOS */;
			targetProxy = F74853B41A215433009AE367 /* PBXContainerItemProxy */;
		};
/* End PBXTargetDependency section */

/* Begin PBXVariantGroup section */
		F712811E1A22BDBB00C57D60 /* MainMenu.xib */ = {
			isa = PBXVariantGroup;
			children = (
				F712811F1A22BDBB00C57D60 /* Base */,
			);
			name = MainMenu.xib;
			sourceTree = "<group>";
		};
/* End PBXVariantGroup section */

/* Begin XCBuildConfiguration section */
		F74853A51A2153EC009AE367 /* Debug */ = {
			isa = XCBuildConfiguration;
			baseConfigurationReference = E994DDBC5901394C25F2D4F3 /* Pods-HNReader OS X.debug.xcconfig */;
			buildSettings = {
				ASSETCATALOG_COMPILER_APPICON_NAME = AppIcon;
				CLANG_CXX_LANGUAGE_STANDARD = "gnu++0x";
				CLANG_CXX_LIBRARY = "libc++";
				CLANG_ENABLE_MODULES = YES;
				CLANG_ENABLE_OBJC_ARC = YES;
				CLANG_WARN_DIRECT_OBJC_ISA_USAGE = YES_ERROR;
				CLANG_WARN_OBJC_ROOT_CLASS = YES_ERROR;
				CODE_SIGN_IDENTITY = "-";
				COMBINE_HIDPI_IMAGES = YES;
				GCC_PREPROCESSOR_DEFINITIONS = (
					"DEBUG=1",
					"$(inherited)",
				);
				GCC_WARN_ABOUT_RETURN_TYPE = YES_ERROR;
				GCC_WARN_UNDECLARED_SELECTOR = YES;
				GCC_WARN_UNINITIALIZED_AUTOS = YES_AGGRESSIVE;
				INFOPLIST_FILE = "$(SRCROOT)/HNReader OS X/Info.plist";
				LD_RUNPATH_SEARCH_PATHS = "$(inherited) @executable_path/../Frameworks";
				MACOSX_DEPLOYMENT_TARGET = 10.10;
				MTL_ENABLE_DEBUG_INFO = YES;
				PRODUCT_NAME = "$(TARGET_NAME)";
				SDKROOT = macosx;
			};
			name = Debug;
		};
		F74853A61A2153EC009AE367 /* Release */ = {
			isa = XCBuildConfiguration;
			baseConfigurationReference = 531D5B35C56BCECED1BA5408 /* Pods-HNReader OS X.release.xcconfig */;
			buildSettings = {
				ASSETCATALOG_COMPILER_APPICON_NAME = AppIcon;
				CLANG_CXX_LANGUAGE_STANDARD = "gnu++0x";
				CLANG_CXX_LIBRARY = "libc++";
				CLANG_ENABLE_MODULES = YES;
				CLANG_ENABLE_OBJC_ARC = YES;
				CLANG_WARN_DIRECT_OBJC_ISA_USAGE = YES_ERROR;
				CLANG_WARN_OBJC_ROOT_CLASS = YES_ERROR;
				CODE_SIGN_IDENTITY = "-";
				COMBINE_HIDPI_IMAGES = YES;
				DEBUG_INFORMATION_FORMAT = "dwarf-with-dsym";
				ENABLE_NS_ASSERTIONS = NO;
				GCC_WARN_ABOUT_RETURN_TYPE = YES_ERROR;
				GCC_WARN_UNDECLARED_SELECTOR = YES;
				GCC_WARN_UNINITIALIZED_AUTOS = YES_AGGRESSIVE;
				INFOPLIST_FILE = "$(SRCROOT)/HNReader OS X/Info.plist";
				LD_RUNPATH_SEARCH_PATHS = "$(inherited) @executable_path/../Frameworks";
				MACOSX_DEPLOYMENT_TARGET = 10.10;
				MTL_ENABLE_DEBUG_INFO = NO;
				PRODUCT_NAME = "$(TARGET_NAME)";
				SDKROOT = macosx;
			};
			name = Release;
		};
		F74853A81A2153EC009AE367 /* Debug */ = {
			isa = XCBuildConfiguration;
			buildSettings = {
				BUNDLE_LOADER = "$(TEST_HOST)";
				CLANG_CXX_LANGUAGE_STANDARD = "gnu++0x";
				CLANG_CXX_LIBRARY = "libc++";
				CLANG_ENABLE_MODULES = YES;
				CLANG_ENABLE_OBJC_ARC = YES;
				CLANG_WARN_DIRECT_OBJC_ISA_USAGE = YES_ERROR;
				CLANG_WARN_OBJC_ROOT_CLASS = YES_ERROR;
				CODE_SIGN_IDENTITY = "Mac Developer";
				"CODE_SIGN_IDENTITY[sdk=macosx*]" = "Mac Developer";
				COMBINE_HIDPI_IMAGES = YES;
				FRAMEWORK_SEARCH_PATHS = (
					"$(DEVELOPER_FRAMEWORKS_DIR)",
					"$(inherited)",
				);
				GCC_PREPROCESSOR_DEFINITIONS = (
					"DEBUG=1",
					"$(inherited)",
				);
				GCC_WARN_ABOUT_RETURN_TYPE = YES_ERROR;
				GCC_WARN_UNDECLARED_SELECTOR = YES;
				GCC_WARN_UNINITIALIZED_AUTOS = YES_AGGRESSIVE;
				INFOPLIST_FILE = "HNReader OS X Tests/Info.plist";
				LD_RUNPATH_SEARCH_PATHS = "$(inherited) @executable_path/../Frameworks @loader_path/../Frameworks";
				MACOSX_DEPLOYMENT_TARGET = 10.10;
				MTL_ENABLE_DEBUG_INFO = YES;
				PRODUCT_NAME = "$(TARGET_NAME)";
				PROVISIONING_PROFILE = "";
				SDKROOT = macosx;
				TEST_HOST = "$(BUILT_PRODUCTS_DIR)/HNReader OSX.app/Contents/MacOS/HNReader OSX";
			};
			name = Debug;
		};
		F74853A91A2153EC009AE367 /* Release */ = {
			isa = XCBuildConfiguration;
			buildSettings = {
				BUNDLE_LOADER = "$(TEST_HOST)";
				CLANG_CXX_LANGUAGE_STANDARD = "gnu++0x";
				CLANG_CXX_LIBRARY = "libc++";
				CLANG_ENABLE_MODULES = YES;
				CLANG_ENABLE_OBJC_ARC = YES;
				CLANG_WARN_DIRECT_OBJC_ISA_USAGE = YES_ERROR;
				CLANG_WARN_OBJC_ROOT_CLASS = YES_ERROR;
				CODE_SIGN_IDENTITY = "Mac Developer";
				"CODE_SIGN_IDENTITY[sdk=macosx*]" = "Mac Developer";
				COMBINE_HIDPI_IMAGES = YES;
				DEBUG_INFORMATION_FORMAT = "dwarf-with-dsym";
				ENABLE_NS_ASSERTIONS = NO;
				FRAMEWORK_SEARCH_PATHS = (
					"$(DEVELOPER_FRAMEWORKS_DIR)",
					"$(inherited)",
				);
				GCC_WARN_ABOUT_RETURN_TYPE = YES_ERROR;
				GCC_WARN_UNDECLARED_SELECTOR = YES;
				GCC_WARN_UNINITIALIZED_AUTOS = YES_AGGRESSIVE;
				INFOPLIST_FILE = "HNReader OS X Tests/Info.plist";
				LD_RUNPATH_SEARCH_PATHS = "$(inherited) @executable_path/../Frameworks @loader_path/../Frameworks";
				MACOSX_DEPLOYMENT_TARGET = 10.10;
				MTL_ENABLE_DEBUG_INFO = NO;
				PRODUCT_NAME = "$(TARGET_NAME)";
				PROVISIONING_PROFILE = "";
				SDKROOT = macosx;
				TEST_HOST = "$(BUILT_PRODUCTS_DIR)/HNReader OSX.app/Contents/MacOS/HNReader OSX";
			};
			name = Release;
		};
		F74853B71A215433009AE367 /* Debug */ = {
			isa = XCBuildConfiguration;
			buildSettings = {
				BUNDLE_LOADER = "$(TEST_HOST)";
				CLANG_CXX_LANGUAGE_STANDARD = "gnu++0x";
				CLANG_CXX_LIBRARY = "libc++";
				CLANG_ENABLE_MODULES = YES;
				CLANG_ENABLE_OBJC_ARC = YES;
				CLANG_WARN_DIRECT_OBJC_ISA_USAGE = YES_ERROR;
				CLANG_WARN_OBJC_ROOT_CLASS = YES_ERROR;
				FRAMEWORK_SEARCH_PATHS = (
					"$(SDKROOT)/Developer/Library/Frameworks",
					"$(inherited)",
				);
				GCC_PREPROCESSOR_DEFINITIONS = (
					"DEBUG=1",
					"$(inherited)",
				);
				GCC_WARN_ABOUT_RETURN_TYPE = YES_ERROR;
				GCC_WARN_UNDECLARED_SELECTOR = YES;
				GCC_WARN_UNINITIALIZED_AUTOS = YES_AGGRESSIVE;
				INFOPLIST_FILE = "HNReader iOS Tests/Info.plist";
				IPHONEOS_DEPLOYMENT_TARGET = 8.2;
				LD_RUNPATH_SEARCH_PATHS = "$(inherited) @executable_path/Frameworks @loader_path/Frameworks";
				MTL_ENABLE_DEBUG_INFO = YES;
				PRODUCT_NAME = "$(TARGET_NAME)";
				TEST_HOST = "$(BUILT_PRODUCTS_DIR)/HNReader iOS.app/HNReader iOS";
			};
			name = Debug;
		};
		F74853B81A215433009AE367 /* Release */ = {
			isa = XCBuildConfiguration;
			buildSettings = {
				BUNDLE_LOADER = "$(TEST_HOST)";
				CLANG_CXX_LANGUAGE_STANDARD = "gnu++0x";
				CLANG_CXX_LIBRARY = "libc++";
				CLANG_ENABLE_MODULES = YES;
				CLANG_ENABLE_OBJC_ARC = YES;
				CLANG_WARN_DIRECT_OBJC_ISA_USAGE = YES_ERROR;
				CLANG_WARN_OBJC_ROOT_CLASS = YES_ERROR;
				ENABLE_NS_ASSERTIONS = NO;
				FRAMEWORK_SEARCH_PATHS = (
					"$(SDKROOT)/Developer/Library/Frameworks",
					"$(inherited)",
				);
				GCC_WARN_ABOUT_RETURN_TYPE = YES_ERROR;
				GCC_WARN_UNDECLARED_SELECTOR = YES;
				GCC_WARN_UNINITIALIZED_AUTOS = YES_AGGRESSIVE;
				INFOPLIST_FILE = "HNReader iOS Tests/Info.plist";
				IPHONEOS_DEPLOYMENT_TARGET = 8.2;
				LD_RUNPATH_SEARCH_PATHS = "$(inherited) @executable_path/Frameworks @loader_path/Frameworks";
				MTL_ENABLE_DEBUG_INFO = NO;
				PRODUCT_NAME = "$(TARGET_NAME)";
				TEST_HOST = "$(BUILT_PRODUCTS_DIR)/HNReader iOS.app/HNReader iOS";
			};
			name = Release;
		};
		F775DB1014340D7F00F93F48 /* Debug */ = {
			isa = XCBuildConfiguration;
			buildSettings = {
				ALWAYS_SEARCH_USER_PATHS = NO;
				CLANG_WARN_BOOL_CONVERSION = YES;
				CLANG_WARN_CONSTANT_CONVERSION = YES;
				CLANG_WARN_DEPRECATED_OBJC_IMPLEMENTATIONS = NO;
				CLANG_WARN_EMPTY_BODY = YES;
				CLANG_WARN_ENUM_CONVERSION = YES;
				CLANG_WARN_INT_CONVERSION = YES;
				CLANG_WARN_OBJC_EXPLICIT_OWNERSHIP_TYPE = YES;
				CLANG_WARN_OBJC_IMPLICIT_ATOMIC_PROPERTIES = YES;
				CLANG_WARN_OBJC_IMPLICIT_RETAIN_SELF = YES;
				CLANG_WARN_OBJC_MISSING_PROPERTY_SYNTHESIS = NO;
				CLANG_WARN_OBJC_RECEIVER_WEAK = NO;
				CLANG_WARN_OBJC_REPEATED_USE_OF_WEAK = NO;
				CLANG_WARN_UNREACHABLE_CODE = YES;
				CLANG_WARN__DUPLICATE_METHOD_MATCH = YES;
				CODE_SIGN_IDENTITY = "iPhone Developer";
				"CODE_SIGN_IDENTITY[sdk=iphoneos*]" = "iPhone Developer";
				COPY_PHASE_STRIP = NO;
				ENABLE_STRICT_OBJC_MSGSEND = YES;
				GCC_C_LANGUAGE_STANDARD = gnu99;
				GCC_DYNAMIC_NO_PIC = NO;
				GCC_OPTIMIZATION_LEVEL = 0;
				GCC_PREPROCESSOR_DEFINITIONS = "READABLE_USE_LIBICU=1";
				GCC_PREPROCESSOR_DEFINITIONS_NOT_USED_IN_PRECOMPS = "";
				GCC_SYMBOLS_PRIVATE_EXTERN = NO;
				GCC_TREAT_IMPLICIT_FUNCTION_DECLARATIONS_AS_ERRORS = YES;
				GCC_TREAT_INCOMPATIBLE_POINTER_TYPE_WARNINGS_AS_ERRORS = YES;
				GCC_VERSION = com.apple.compilers.llvm.clang.1_0;
				GCC_WARN_64_TO_32_BIT_CONVERSION = YES;
				GCC_WARN_ABOUT_MISSING_FIELD_INITIALIZERS = YES;
				GCC_WARN_ABOUT_MISSING_NEWLINE = YES;
				GCC_WARN_ABOUT_MISSING_PROTOTYPES = NO;
				GCC_WARN_ABOUT_RETURN_TYPE = YES;
				GCC_WARN_INITIALIZER_NOT_FULLY_BRACKETED = YES;
				GCC_WARN_MULTIPLE_DEFINITION_TYPES_FOR_SELECTOR = NO;
				GCC_WARN_UNDECLARED_SELECTOR = NO;
				GCC_WARN_UNINITIALIZED_AUTOS = YES;
				GCC_WARN_UNKNOWN_PRAGMAS = YES;
				GCC_WARN_UNUSED_FUNCTION = YES;
				GCC_WARN_UNUSED_VARIABLE = YES;
				IPHONEOS_DEPLOYMENT_TARGET = 8.0;
				LIBRARY_SEARCH_PATHS = "";
				ONLY_ACTIVE_ARCH = YES;
				OTHER_CFLAGS = "";
				PROVISIONING_PROFILE = "";
				"PROVISIONING_PROFILE[sdk=iphoneos*]" = "";
				SDKROOT = iphoneos;
				TARGETED_DEVICE_FAMILY = "1,2";
			};
			name = Debug;
		};
		F775DB1114340D7F00F93F48 /* Release */ = {
			isa = XCBuildConfiguration;
			buildSettings = {
				ALWAYS_SEARCH_USER_PATHS = NO;
				CLANG_WARN_BOOL_CONVERSION = YES;
				CLANG_WARN_CONSTANT_CONVERSION = YES;
				CLANG_WARN_DEPRECATED_OBJC_IMPLEMENTATIONS = NO;
				CLANG_WARN_EMPTY_BODY = YES;
				CLANG_WARN_ENUM_CONVERSION = YES;
				CLANG_WARN_INT_CONVERSION = YES;
				CLANG_WARN_OBJC_EXPLICIT_OWNERSHIP_TYPE = YES;
				CLANG_WARN_OBJC_IMPLICIT_ATOMIC_PROPERTIES = YES;
				CLANG_WARN_OBJC_IMPLICIT_RETAIN_SELF = YES;
				CLANG_WARN_OBJC_MISSING_PROPERTY_SYNTHESIS = NO;
				CLANG_WARN_OBJC_RECEIVER_WEAK = NO;
				CLANG_WARN_OBJC_REPEATED_USE_OF_WEAK = NO;
				CLANG_WARN_UNREACHABLE_CODE = YES;
				CLANG_WARN__DUPLICATE_METHOD_MATCH = YES;
				CODE_SIGN_IDENTITY = "iPhone Developer";
				"CODE_SIGN_IDENTITY[sdk=iphoneos*]" = "iPhone Developer";
				COPY_PHASE_STRIP = YES;
				ENABLE_STRICT_OBJC_MSGSEND = YES;
				GCC_C_LANGUAGE_STANDARD = gnu99;
				GCC_PREPROCESSOR_DEFINITIONS = "READABLE_USE_LIBICU=1";
				GCC_PREPROCESSOR_DEFINITIONS_NOT_USED_IN_PRECOMPS = "";
				GCC_TREAT_IMPLICIT_FUNCTION_DECLARATIONS_AS_ERRORS = YES;
				GCC_TREAT_INCOMPATIBLE_POINTER_TYPE_WARNINGS_AS_ERRORS = YES;
				GCC_VERSION = com.apple.compilers.llvm.clang.1_0;
				GCC_WARN_64_TO_32_BIT_CONVERSION = YES;
				GCC_WARN_ABOUT_MISSING_FIELD_INITIALIZERS = YES;
				GCC_WARN_ABOUT_MISSING_NEWLINE = YES;
				GCC_WARN_ABOUT_MISSING_PROTOTYPES = NO;
				GCC_WARN_ABOUT_RETURN_TYPE = YES;
				GCC_WARN_INITIALIZER_NOT_FULLY_BRACKETED = YES;
				GCC_WARN_MULTIPLE_DEFINITION_TYPES_FOR_SELECTOR = NO;
				GCC_WARN_UNDECLARED_SELECTOR = NO;
				GCC_WARN_UNINITIALIZED_AUTOS = YES;
				GCC_WARN_UNKNOWN_PRAGMAS = YES;
				GCC_WARN_UNUSED_FUNCTION = YES;
				GCC_WARN_UNUSED_VARIABLE = YES;
				IPHONEOS_DEPLOYMENT_TARGET = 8.0;
				LIBRARY_SEARCH_PATHS = "";
				ONLY_ACTIVE_ARCH = NO;
				OTHER_CFLAGS = "";
				PROVISIONING_PROFILE = "";
				"PROVISIONING_PROFILE[sdk=iphoneos*]" = "";
				SDKROOT = iphoneos;
				TARGETED_DEVICE_FAMILY = "1,2";
				VALIDATE_PRODUCT = YES;
			};
			name = Release;
		};
		F775DB1314340D7F00F93F48 /* Debug */ = {
			isa = XCBuildConfiguration;
			baseConfigurationReference = A88E3EAE52E71F17122A60C9 /* Pods-HNReader iOS.debug.xcconfig */;
			buildSettings = {
				ASSETCATALOG_COMPILER_APPICON_NAME = AppIcon;
				ASSETCATALOG_COMPILER_LAUNCHIMAGE_NAME = LaunchImage;
				CLANG_ENABLE_MODULES = YES;
				CLANG_ENABLE_OBJC_ARC = YES;
				CODE_SIGN_IDENTITY = "iPhone Developer";
				GCC_PRECOMPILE_PREFIX_HEADER = YES;
				GCC_PREFIX_HEADER = "HNReader iOS/HNReader-Prefix.pch";
				INFOPLIST_FILE = "$(SRCROOT)/HNReader iOS/Info.plist";
				IPHONEOS_DEPLOYMENT_TARGET = 8.0;
				LIBRARY_SEARCH_PATHS = "";
				PRODUCT_NAME = "$(TARGET_NAME)";
				PROVISIONING_PROFILE = "";
				TARGETED_DEVICE_FAMILY = "1,2";
				WRAPPER_EXTENSION = app;
			};
			name = Debug;
		};
		F775DB1414340D7F00F93F48 /* Release */ = {
			isa = XCBuildConfiguration;
			baseConfigurationReference = DFE1D00BC77BAAAAA01700B6 /* Pods-HNReader iOS.release.xcconfig */;
			buildSettings = {
				ASSETCATALOG_COMPILER_APPICON_NAME = AppIcon;
				ASSETCATALOG_COMPILER_LAUNCHIMAGE_NAME = LaunchImage;
				CLANG_ENABLE_MODULES = YES;
				CLANG_ENABLE_OBJC_ARC = YES;
				CODE_SIGN_IDENTITY = "iPhone Developer";
				GCC_PRECOMPILE_PREFIX_HEADER = YES;
				GCC_PREFIX_HEADER = "HNReader iOS/HNReader-Prefix.pch";
				INFOPLIST_FILE = "$(SRCROOT)/HNReader iOS/Info.plist";
				IPHONEOS_DEPLOYMENT_TARGET = 8.0;
				LIBRARY_SEARCH_PATHS = "";
				PRODUCT_NAME = "$(TARGET_NAME)";
				PROVISIONING_PROFILE = "";
				TARGETED_DEVICE_FAMILY = "1,2";
				WRAPPER_EXTENSION = app;
			};
			name = Release;
		};
/* End XCBuildConfiguration section */

/* Begin XCConfigurationList section */
		F74853A41A2153EC009AE367 /* Build configuration list for PBXNativeTarget "HNReader OS X" */ = {
			isa = XCConfigurationList;
			buildConfigurations = (
				F74853A51A2153EC009AE367 /* Debug */,
				F74853A61A2153EC009AE367 /* Release */,
			);
			defaultConfigurationIsVisible = 0;
			defaultConfigurationName = Release;
		};
		F74853A71A2153EC009AE367 /* Build configuration list for PBXNativeTarget "HNReader OS X Tests" */ = {
			isa = XCConfigurationList;
			buildConfigurations = (
				F74853A81A2153EC009AE367 /* Debug */,
				F74853A91A2153EC009AE367 /* Release */,
			);
			defaultConfigurationIsVisible = 0;
			defaultConfigurationName = Release;
		};
		F74853B61A215433009AE367 /* Build configuration list for PBXNativeTarget "HNReader iOS Tests" */ = {
			isa = XCConfigurationList;
			buildConfigurations = (
				F74853B71A215433009AE367 /* Debug */,
				F74853B81A215433009AE367 /* Release */,
			);
			defaultConfigurationIsVisible = 0;
			defaultConfigurationName = Release;
		};
		F775DACF14340D7E00F93F48 /* Build configuration list for PBXProject "HNReader" */ = {
			isa = XCConfigurationList;
			buildConfigurations = (
				F775DB1014340D7F00F93F48 /* Debug */,
				F775DB1114340D7F00F93F48 /* Release */,
			);
			defaultConfigurationIsVisible = 0;
			defaultConfigurationName = Release;
		};
		F775DB1214340D7F00F93F48 /* Build configuration list for PBXNativeTarget "HNReader iOS" */ = {
			isa = XCConfigurationList;
			buildConfigurations = (
				F775DB1314340D7F00F93F48 /* Debug */,
				F775DB1414340D7F00F93F48 /* Release */,
			);
			defaultConfigurationIsVisible = 0;
			defaultConfigurationName = Release;
		};
/* End XCConfigurationList section */
	};
	rootObject = F775DACC14340D7E00F93F48 /* Project object */;
}
