// !$*UTF8*$!
{
	archiveVersion = 1;
	classes = {
	};
	objectVersion = 46;
	objects = {

/* Begin PBXBuildFile section */
		AE59B6DF31954A76A5E98D27 /* libPods.a in Frameworks */ = {isa = PBXBuildFile; fileRef = DBA80079524E4F5FBE1F3871 /* libPods.a */; };
		F700DDBD196DB67E00239645 /* HNCommentsTableViewCell.xib in Resources */ = {isa = PBXBuildFile; fileRef = F700DDBC196DB67E00239645 /* HNCommentsTableViewCell.xib */; };
		F70AE36D196CB2C70028584D /* HNEntriesTableViewCell.xib in Resources */ = {isa = PBXBuildFile; fileRef = F70AE36C196CB2C70028584D /* HNEntriesTableViewCell.xib */; };
		F71C31E3196C9B49003C8BCD /* libxml2.2.dylib in Frameworks */ = {isa = PBXBuildFile; fileRef = F76ACA6514354265004CF9EA /* libxml2.2.dylib */; };
		F71C31E4196C9B88003C8BCD /* libsqlite3.dylib in Frameworks */ = {isa = PBXBuildFile; fileRef = F759AEA5189EC28400BD46D1 /* libsqlite3.dylib */; };
		F71C31E5196C9B96003C8BCD /* libstdc++.dylib in Frameworks */ = {isa = PBXBuildFile; fileRef = F77319C7189EC2AC00C360F1 /* libstdc++.dylib */; };
		F72B8487196E6293003ABF13 /* HNClient.m in Sources */ = {isa = PBXBuildFile; fileRef = F72B8486196E6293003ABF13 /* HNClient.m */; };
		F73D24E01966135F0046E941 /* UIColor+HNReaderTheme.m in Sources */ = {isa = PBXBuildFile; fileRef = F73D24DF1966135F0046E941 /* UIColor+HNReaderTheme.m */; };
		F73D24E3196614730046E941 /* NSString+HNCommentTools.m in Sources */ = {isa = PBXBuildFile; fileRef = F73D24E2196614730046E941 /* NSString+HNCommentTools.m */; };
		F747AAFB1491358600F3C84F /* readable-formatting.html in Resources */ = {isa = PBXBuildFile; fileRef = F747AAF91491358600F3C84F /* readable-formatting.html */; };
		F775DADA14340D7E00F93F48 /* UIKit.framework in Frameworks */ = {isa = PBXBuildFile; fileRef = F775DAD914340D7E00F93F48 /* UIKit.framework */; };
		F775DADC14340D7E00F93F48 /* Foundation.framework in Frameworks */ = {isa = PBXBuildFile; fileRef = F775DADB14340D7E00F93F48 /* Foundation.framework */; };
		F775DAE414340D7E00F93F48 /* InfoPlist.strings in Resources */ = {isa = PBXBuildFile; fileRef = F775DAE214340D7E00F93F48 /* InfoPlist.strings */; };
		F775DAE614340D7E00F93F48 /* main.m in Sources */ = {isa = PBXBuildFile; fileRef = F775DAE514340D7E00F93F48 /* main.m */; };
		F778DE211965F9A2008765D2 /* HNLabel.m in Sources */ = {isa = PBXBuildFile; fileRef = F778DE201965F9A2008765D2 /* HNLabel.m */; };
		F7A2406F1475704D00004287 /* libicucore.dylib in Frameworks */ = {isa = PBXBuildFile; fileRef = F7A2406E1475704D00004287 /* libicucore.dylib */; };
		F7A24073147577B000004287 /* readable.c in Sources */ = {isa = PBXBuildFile; fileRef = F7A24071147577B000004287 /* readable.c */; settings = {COMPILER_FLAGS = "-fno-objc-arc"; }; };
		F7A9112C19687A2B00F7FAFE /* HNEntriesDataSource.m in Sources */ = {isa = PBXBuildFile; fileRef = F7A9112B19687A2B00F7FAFE /* HNEntriesDataSource.m */; };
		F7C4EEAC183D47DA001036E4 /* Images.xcassets in Resources */ = {isa = PBXBuildFile; fileRef = F7C4EEAB183D47DA001036E4 /* Images.xcassets */; };
		F7CD38F11475F9ED00EB57B5 /* rd_list.c in Sources */ = {isa = PBXBuildFile; fileRef = F7CD38EF1475F9ED00EB57B5 /* rd_list.c */; settings = {COMPILER_FLAGS = "-fno-objc-arc"; }; };
		F7DF2AA91965FFA6004DF35D /* HNConstants.m in Sources */ = {isa = PBXBuildFile; fileRef = F7DF2AA81965FFA6004DF35D /* HNConstants.m */; };
		F7E42B52196606C100041006 /* HNReaderAppDelegate.m in Sources */ = {isa = PBXBuildFile; fileRef = F7E42B51196606C100041006 /* HNReaderAppDelegate.m */; };
		F7E42B5E196606E600041006 /* HNCommentsViewController.m in Sources */ = {isa = PBXBuildFile; fileRef = F7E42B5A196606E600041006 /* HNCommentsViewController.m */; };
		F7E42B5F196606E600041006 /* HNEntriesViewController.m in Sources */ = {isa = PBXBuildFile; fileRef = F7E42B5C196606E600041006 /* HNEntriesViewController.m */; };
		F7E42B60196606E600041006 /* HNWebViewController.m in Sources */ = {isa = PBXBuildFile; fileRef = F7E42B5D196606E600041006 /* HNWebViewController.m */; };
		F7E42B6C1966071800041006 /* HNCacheManager.m in Sources */ = {isa = PBXBuildFile; fileRef = F7E42B631966071800041006 /* HNCacheManager.m */; };
		F7E42B6D1966071800041006 /* HNComment.m in Sources */ = {isa = PBXBuildFile; fileRef = F7E42B651966071800041006 /* HNComment.m */; };
		F7E42B6E1966071800041006 /* HNEntriesModel.m in Sources */ = {isa = PBXBuildFile; fileRef = F7E42B671966071800041006 /* HNEntriesModel.m */; };
		F7E42B6F1966071800041006 /* HNEntry.m in Sources */ = {isa = PBXBuildFile; fileRef = F7E42B691966071800041006 /* HNEntry.m */; };
		F7E42B701966071800041006 /* HNParser.m in Sources */ = {isa = PBXBuildFile; fileRef = F7E42B6B1966071800041006 /* HNParser.m */; };
		F7E42B791966072900041006 /* HNCommentsTableViewCell.m in Sources */ = {isa = PBXBuildFile; fileRef = F7E42B721966072900041006 /* HNCommentsTableViewCell.m */; };
		F7E42B7A1966072900041006 /* HNEntriesTableViewCell.m in Sources */ = {isa = PBXBuildFile; fileRef = F7E42B741966072900041006 /* HNEntriesTableViewCell.m */; };
		F7E42B7B1966072900041006 /* HNLoadMoreTableViewCell.m in Sources */ = {isa = PBXBuildFile; fileRef = F7E42B761966072900041006 /* HNLoadMoreTableViewCell.m */; };
		F7E42B7F1966073D00041006 /* HNCommentsModel.m in Sources */ = {isa = PBXBuildFile; fileRef = F7E42B7E1966073D00041006 /* HNCommentsModel.m */; };
		F7EA9A0C1969C34900444255 /* HNCommentsDataSource.m in Sources */ = {isa = PBXBuildFile; fileRef = F7EA9A0B1969C34900444255 /* HNCommentsDataSource.m */; };
		F7EA9A0F1969C90A00444255 /* UIAlertView+HNAlertView.m in Sources */ = {isa = PBXBuildFile; fileRef = F7EA9A0E1969C90A00444255 /* UIAlertView+HNAlertView.m */; };
		F7FFF41219B28FF50018ADD5 /* Main.storyboard in Resources */ = {isa = PBXBuildFile; fileRef = F7FFF41119B28FF50018ADD5 /* Main.storyboard */; };
/* End PBXBuildFile section */

/* Begin PBXFileReference section */
		96C2949619923034B2AE3BD5 /* Pods.debug.xcconfig */ = {isa = PBXFileReference; includeInIndex = 1; lastKnownFileType = text.xcconfig; name = Pods.debug.xcconfig; path = "Pods/Target Support Files/Pods/Pods.debug.xcconfig"; sourceTree = "<group>"; };
		D52C69518EBD815D29A11545 /* Pods.release.xcconfig */ = {isa = PBXFileReference; includeInIndex = 1; lastKnownFileType = text.xcconfig; name = Pods.release.xcconfig; path = "Pods/Target Support Files/Pods/Pods.release.xcconfig"; sourceTree = "<group>"; };
		DBA80079524E4F5FBE1F3871 /* libPods.a */ = {isa = PBXFileReference; explicitFileType = archive.ar; includeInIndex = 0; path = libPods.a; sourceTree = BUILT_PRODUCTS_DIR; };
		F700DDBC196DB67E00239645 /* HNCommentsTableViewCell.xib */ = {isa = PBXFileReference; fileEncoding = 4; lastKnownFileType = file.xib; path = HNCommentsTableViewCell.xib; sourceTree = "<group>"; };
		F70A0FF2143BF99100D61E8A /* QuartzCore.framework */ = {isa = PBXFileReference; lastKnownFileType = wrapper.framework; name = QuartzCore.framework; path = System/Library/Frameworks/QuartzCore.framework; sourceTree = SDKROOT; };
		F70AE36C196CB2C70028584D /* HNEntriesTableViewCell.xib */ = {isa = PBXFileReference; fileEncoding = 4; lastKnownFileType = file.xib; path = HNEntriesTableViewCell.xib; sourceTree = "<group>"; };
		F72B8485196E6293003ABF13 /* HNClient.h */ = {isa = PBXFileReference; fileEncoding = 4; lastKnownFileType = sourcecode.c.h; path = HNClient.h; sourceTree = "<group>"; };
		F72B8486196E6293003ABF13 /* HNClient.m */ = {isa = PBXFileReference; fileEncoding = 4; lastKnownFileType = sourcecode.c.objc; path = HNClient.m; sourceTree = "<group>"; };
		F73D24DE1966135F0046E941 /* UIColor+HNReaderTheme.h */ = {isa = PBXFileReference; fileEncoding = 4; lastKnownFileType = sourcecode.c.h; path = "UIColor+HNReaderTheme.h"; sourceTree = "<group>"; };
		F73D24DF1966135F0046E941 /* UIColor+HNReaderTheme.m */ = {isa = PBXFileReference; fileEncoding = 4; lastKnownFileType = sourcecode.c.objc; path = "UIColor+HNReaderTheme.m"; sourceTree = "<group>"; };
		F73D24E1196614730046E941 /* NSString+HNCommentTools.h */ = {isa = PBXFileReference; fileEncoding = 4; lastKnownFileType = sourcecode.c.h; path = "NSString+HNCommentTools.h"; sourceTree = "<group>"; };
		F73D24E2196614730046E941 /* NSString+HNCommentTools.m */ = {isa = PBXFileReference; fileEncoding = 4; lastKnownFileType = sourcecode.c.objc; path = "NSString+HNCommentTools.m"; sourceTree = "<group>"; };
		F747AAF91491358600F3C84F /* readable-formatting.html */ = {isa = PBXFileReference; fileEncoding = 4; lastKnownFileType = text.html; name = "readable-formatting.html"; path = "Resources/readable-formatting.html"; sourceTree = "<group>"; };
		F759AEA5189EC28400BD46D1 /* libsqlite3.dylib */ = {isa = PBXFileReference; lastKnownFileType = "compiled.mach-o.dylib"; name = libsqlite3.dylib; path = usr/lib/libsqlite3.dylib; sourceTree = SDKROOT; };
		F76ACA6514354265004CF9EA /* libxml2.2.dylib */ = {isa = PBXFileReference; lastKnownFileType = "compiled.mach-o.dylib"; name = libxml2.2.dylib; path = usr/lib/libxml2.2.dylib; sourceTree = SDKROOT; };
		F77319C7189EC2AC00C360F1 /* libstdc++.dylib */ = {isa = PBXFileReference; lastKnownFileType = "compiled.mach-o.dylib"; name = "libstdc++.dylib"; path = "usr/lib/libstdc++.dylib"; sourceTree = SDKROOT; };
		F775DAD514340D7E00F93F48 /* HNReader.app */ = {isa = PBXFileReference; explicitFileType = wrapper.application; includeInIndex = 0; path = HNReader.app; sourceTree = BUILT_PRODUCTS_DIR; };
		F775DAD914340D7E00F93F48 /* UIKit.framework */ = {isa = PBXFileReference; lastKnownFileType = wrapper.framework; name = UIKit.framework; path = System/Library/Frameworks/UIKit.framework; sourceTree = SDKROOT; };
		F775DADB14340D7E00F93F48 /* Foundation.framework */ = {isa = PBXFileReference; lastKnownFileType = wrapper.framework; name = Foundation.framework; path = System/Library/Frameworks/Foundation.framework; sourceTree = SDKROOT; };
		F775DADD14340D7E00F93F48 /* CoreGraphics.framework */ = {isa = PBXFileReference; lastKnownFileType = wrapper.framework; name = CoreGraphics.framework; path = System/Library/Frameworks/CoreGraphics.framework; sourceTree = SDKROOT; };
		F775DAE114340D7E00F93F48 /* HNReader-Info.plist */ = {isa = PBXFileReference; lastKnownFileType = text.plist.xml; path = "HNReader-Info.plist"; sourceTree = "<group>"; };
		F775DAE314340D7E00F93F48 /* en */ = {isa = PBXFileReference; lastKnownFileType = text.plist.strings; name = en; path = en.lproj/InfoPlist.strings; sourceTree = "<group>"; };
		F775DAE514340D7E00F93F48 /* main.m */ = {isa = PBXFileReference; lastKnownFileType = sourcecode.c.objc; path = main.m; sourceTree = "<group>"; };
		F775DAE714340D7E00F93F48 /* HNReader-Prefix.pch */ = {isa = PBXFileReference; lastKnownFileType = sourcecode.c.h; path = "HNReader-Prefix.pch"; sourceTree = "<group>"; };
		F775DAFF14340D7F00F93F48 /* SenTestingKit.framework */ = {isa = PBXFileReference; lastKnownFileType = wrapper.framework; name = SenTestingKit.framework; path = Library/Frameworks/SenTestingKit.framework; sourceTree = DEVELOPER_DIR; };
		F775DB0814340D7F00F93F48 /* HNReaderTests-Info.plist */ = {isa = PBXFileReference; lastKnownFileType = text.plist.xml; path = "HNReaderTests-Info.plist"; sourceTree = "<group>"; };
		F775DB0A14340D7F00F93F48 /* en */ = {isa = PBXFileReference; lastKnownFileType = text.plist.strings; name = en; path = en.lproj/InfoPlist.strings; sourceTree = "<group>"; };
		F775DB0C14340D7F00F93F48 /* HNReaderTests.h */ = {isa = PBXFileReference; lastKnownFileType = sourcecode.c.h; path = HNReaderTests.h; sourceTree = "<group>"; };
		F775DB0E14340D7F00F93F48 /* HNReaderTests.m */ = {isa = PBXFileReference; lastKnownFileType = sourcecode.c.objc; path = HNReaderTests.m; sourceTree = "<group>"; };
		F775DB3D1434110700F93F48 /* MobileCoreServices.framework */ = {isa = PBXFileReference; lastKnownFileType = wrapper.framework; name = MobileCoreServices.framework; path = System/Library/Frameworks/MobileCoreServices.framework; sourceTree = SDKROOT; };
		F775DB3E1434110700F93F48 /* SystemConfiguration.framework */ = {isa = PBXFileReference; lastKnownFileType = wrapper.framework; name = SystemConfiguration.framework; path = System/Library/Frameworks/SystemConfiguration.framework; sourceTree = SDKROOT; };
		F778DE1F1965F9A2008765D2 /* HNLabel.h */ = {isa = PBXFileReference; fileEncoding = 4; lastKnownFileType = sourcecode.c.h; path = HNLabel.h; sourceTree = "<group>"; };
		F778DE201965F9A2008765D2 /* HNLabel.m */ = {isa = PBXFileReference; fileEncoding = 4; lastKnownFileType = sourcecode.c.objc; path = HNLabel.m; sourceTree = "<group>"; };
		F7A2406E1475704D00004287 /* libicucore.dylib */ = {isa = PBXFileReference; lastKnownFileType = "compiled.mach-o.dylib"; name = libicucore.dylib; path = usr/lib/libicucore.dylib; sourceTree = SDKROOT; };
		F7A24071147577B000004287 /* readable.c */ = {isa = PBXFileReference; fileEncoding = 4; lastKnownFileType = sourcecode.c.c; name = readable.c; path = readable/readable.c; sourceTree = "<group>"; };
		F7A24072147577B000004287 /* readable.h */ = {isa = PBXFileReference; fileEncoding = 4; lastKnownFileType = sourcecode.c.h; name = readable.h; path = readable/readable.h; sourceTree = "<group>"; };
		F7A9112A19687A2B00F7FAFE /* HNEntriesDataSource.h */ = {isa = PBXFileReference; fileEncoding = 4; lastKnownFileType = sourcecode.c.h; path = HNEntriesDataSource.h; sourceTree = "<group>"; };
		F7A9112B19687A2B00F7FAFE /* HNEntriesDataSource.m */ = {isa = PBXFileReference; fileEncoding = 4; lastKnownFileType = sourcecode.c.objc; path = HNEntriesDataSource.m; sourceTree = "<group>"; };
		F7C4EEAB183D47DA001036E4 /* Images.xcassets */ = {isa = PBXFileReference; lastKnownFileType = folder.assetcatalog; path = Images.xcassets; sourceTree = "<group>"; };
		F7CD38EE1475F9ED00EB57B5 /* khash.h */ = {isa = PBXFileReference; fileEncoding = 4; lastKnownFileType = sourcecode.c.h; name = khash.h; path = readable/khash.h; sourceTree = "<group>"; };
		F7CD38EF1475F9ED00EB57B5 /* rd_list.c */ = {isa = PBXFileReference; fileEncoding = 4; lastKnownFileType = sourcecode.c.c; name = rd_list.c; path = readable/rd_list.c; sourceTree = "<group>"; };
		F7CD38F01475F9ED00EB57B5 /* rd_list.h */ = {isa = PBXFileReference; fileEncoding = 4; lastKnownFileType = sourcecode.c.h; name = rd_list.h; path = readable/rd_list.h; sourceTree = "<group>"; };
		F7DF2AA71965FFA6004DF35D /* HNConstants.h */ = {isa = PBXFileReference; fileEncoding = 4; lastKnownFileType = sourcecode.c.h; path = HNConstants.h; sourceTree = "<group>"; };
		F7DF2AA81965FFA6004DF35D /* HNConstants.m */ = {isa = PBXFileReference; fileEncoding = 4; lastKnownFileType = sourcecode.c.objc; path = HNConstants.m; sourceTree = "<group>"; };
		F7E42B50196606C100041006 /* HNReaderAppDelegate.h */ = {isa = PBXFileReference; fileEncoding = 4; lastKnownFileType = sourcecode.c.h; path = HNReaderAppDelegate.h; sourceTree = "<group>"; };
		F7E42B51196606C100041006 /* HNReaderAppDelegate.m */ = {isa = PBXFileReference; fileEncoding = 4; lastKnownFileType = sourcecode.c.objc; path = HNReaderAppDelegate.m; sourceTree = "<group>"; };
		F7E42B59196606E600041006 /* HNCommentsViewController.h */ = {isa = PBXFileReference; fileEncoding = 4; lastKnownFileType = sourcecode.c.h; path = HNCommentsViewController.h; sourceTree = "<group>"; };
		F7E42B5A196606E600041006 /* HNCommentsViewController.m */ = {isa = PBXFileReference; fileEncoding = 4; lastKnownFileType = sourcecode.c.objc; path = HNCommentsViewController.m; sourceTree = "<group>"; };
		F7E42B5B196606E600041006 /* HNEntriesViewController.h */ = {isa = PBXFileReference; fileEncoding = 4; lastKnownFileType = sourcecode.c.h; path = HNEntriesViewController.h; sourceTree = "<group>"; };
		F7E42B5C196606E600041006 /* HNEntriesViewController.m */ = {isa = PBXFileReference; fileEncoding = 4; lastKnownFileType = sourcecode.c.objc; path = HNEntriesViewController.m; sourceTree = "<group>"; };
		F7E42B5D196606E600041006 /* HNWebViewController.m */ = {isa = PBXFileReference; fileEncoding = 4; lastKnownFileType = sourcecode.c.objc; path = HNWebViewController.m; sourceTree = "<group>"; };
		F7E42B61196606F100041006 /* HNWebViewController.h */ = {isa = PBXFileReference; fileEncoding = 4; lastKnownFileType = sourcecode.c.h; path = HNWebViewController.h; sourceTree = "<group>"; };
		F7E42B621966071800041006 /* HNCacheManager.h */ = {isa = PBXFileReference; fileEncoding = 4; lastKnownFileType = sourcecode.c.h; path = HNCacheManager.h; sourceTree = "<group>"; };
		F7E42B631966071800041006 /* HNCacheManager.m */ = {isa = PBXFileReference; fileEncoding = 4; lastKnownFileType = sourcecode.c.objc; path = HNCacheManager.m; sourceTree = "<group>"; };
		F7E42B641966071800041006 /* HNComment.h */ = {isa = PBXFileReference; fileEncoding = 4; lastKnownFileType = sourcecode.c.h; path = HNComment.h; sourceTree = "<group>"; };
		F7E42B651966071800041006 /* HNComment.m */ = {isa = PBXFileReference; fileEncoding = 4; lastKnownFileType = sourcecode.c.objc; path = HNComment.m; sourceTree = "<group>"; };
		F7E42B661966071800041006 /* HNEntriesModel.h */ = {isa = PBXFileReference; fileEncoding = 4; lastKnownFileType = sourcecode.c.h; path = HNEntriesModel.h; sourceTree = "<group>"; };
		F7E42B671966071800041006 /* HNEntriesModel.m */ = {isa = PBXFileReference; fileEncoding = 4; lastKnownFileType = sourcecode.c.objc; path = HNEntriesModel.m; sourceTree = "<group>"; };
		F7E42B681966071800041006 /* HNEntry.h */ = {isa = PBXFileReference; fileEncoding = 4; lastKnownFileType = sourcecode.c.h; path = HNEntry.h; sourceTree = "<group>"; };
		F7E42B691966071800041006 /* HNEntry.m */ = {isa = PBXFileReference; fileEncoding = 4; lastKnownFileType = sourcecode.c.objc; path = HNEntry.m; sourceTree = "<group>"; };
		F7E42B6A1966071800041006 /* HNParser.h */ = {isa = PBXFileReference; fileEncoding = 4; lastKnownFileType = sourcecode.c.h; path = HNParser.h; sourceTree = "<group>"; };
		F7E42B6B1966071800041006 /* HNParser.m */ = {isa = PBXFileReference; fileEncoding = 4; lastKnownFileType = sourcecode.c.objc; path = HNParser.m; sourceTree = "<group>"; };
		F7E42B711966072900041006 /* HNCommentsTableViewCell.h */ = {isa = PBXFileReference; fileEncoding = 4; lastKnownFileType = sourcecode.c.h; path = HNCommentsTableViewCell.h; sourceTree = "<group>"; };
		F7E42B721966072900041006 /* HNCommentsTableViewCell.m */ = {isa = PBXFileReference; fileEncoding = 4; lastKnownFileType = sourcecode.c.objc; path = HNCommentsTableViewCell.m; sourceTree = "<group>"; };
		F7E42B731966072900041006 /* HNEntriesTableViewCell.h */ = {isa = PBXFileReference; fileEncoding = 4; lastKnownFileType = sourcecode.c.h; path = HNEntriesTableViewCell.h; sourceTree = "<group>"; };
		F7E42B741966072900041006 /* HNEntriesTableViewCell.m */ = {isa = PBXFileReference; fileEncoding = 4; lastKnownFileType = sourcecode.c.objc; path = HNEntriesTableViewCell.m; sourceTree = "<group>"; };
		F7E42B751966072900041006 /* HNLoadMoreTableViewCell.h */ = {isa = PBXFileReference; fileEncoding = 4; lastKnownFileType = sourcecode.c.h; path = HNLoadMoreTableViewCell.h; sourceTree = "<group>"; };
		F7E42B761966072900041006 /* HNLoadMoreTableViewCell.m */ = {isa = PBXFileReference; fileEncoding = 4; lastKnownFileType = sourcecode.c.objc; path = HNLoadMoreTableViewCell.m; sourceTree = "<group>"; };
		F7E42B7D1966073D00041006 /* HNCommentsModel.h */ = {isa = PBXFileReference; fileEncoding = 4; lastKnownFileType = sourcecode.c.h; path = HNCommentsModel.h; sourceTree = "<group>"; };
		F7E42B7E1966073D00041006 /* HNCommentsModel.m */ = {isa = PBXFileReference; fileEncoding = 4; lastKnownFileType = sourcecode.c.objc; path = HNCommentsModel.m; sourceTree = "<group>"; };
		F7EA9A0A1969C34900444255 /* HNCommentsDataSource.h */ = {isa = PBXFileReference; fileEncoding = 4; lastKnownFileType = sourcecode.c.h; path = HNCommentsDataSource.h; sourceTree = "<group>"; };
		F7EA9A0B1969C34900444255 /* HNCommentsDataSource.m */ = {isa = PBXFileReference; fileEncoding = 4; lastKnownFileType = sourcecode.c.objc; path = HNCommentsDataSource.m; sourceTree = "<group>"; };
		F7EA9A0D1969C90A00444255 /* UIAlertView+HNAlertView.h */ = {isa = PBXFileReference; fileEncoding = 4; lastKnownFileType = sourcecode.c.h; path = "UIAlertView+HNAlertView.h"; sourceTree = "<group>"; };
		F7EA9A0E1969C90A00444255 /* UIAlertView+HNAlertView.m */ = {isa = PBXFileReference; fileEncoding = 4; lastKnownFileType = sourcecode.c.objc; path = "UIAlertView+HNAlertView.m"; sourceTree = "<group>"; };
		F7FFF41119B28FF50018ADD5 /* Main.storyboard */ = {isa = PBXFileReference; fileEncoding = 4; lastKnownFileType = file.storyboard; path = Main.storyboard; sourceTree = "<group>"; };
/* End PBXFileReference section */

/* Begin PBXFrameworksBuildPhase section */
		F775DAD214340D7E00F93F48 /* Frameworks */ = {
			isa = PBXFrameworksBuildPhase;
			buildActionMask = 2147483647;
			files = (
				F71C31E5196C9B96003C8BCD /* libstdc++.dylib in Frameworks */,
				F71C31E4196C9B88003C8BCD /* libsqlite3.dylib in Frameworks */,
				F71C31E3196C9B49003C8BCD /* libxml2.2.dylib in Frameworks */,
				F7A2406F1475704D00004287 /* libicucore.dylib in Frameworks */,
				F775DADA14340D7E00F93F48 /* UIKit.framework in Frameworks */,
				F775DADC14340D7E00F93F48 /* Foundation.framework in Frameworks */,
				AE59B6DF31954A76A5E98D27 /* libPods.a in Frameworks */,
			);
			runOnlyForDeploymentPostprocessing = 0;
		};
/* End PBXFrameworksBuildPhase section */

/* Begin PBXGroup section */
		04AABEA50996D06B5FCF79F1 /* Pods */ = {
			isa = PBXGroup;
			children = (
				96C2949619923034B2AE3BD5 /* Pods.debug.xcconfig */,
				D52C69518EBD815D29A11545 /* Pods.release.xcconfig */,
			);
			name = Pods;
			sourceTree = "<group>";
		};
		F75D3683143A056D005BCA23 /* Resources */ = {
			isa = PBXGroup;
			children = (
				F747AAF91491358600F3C84F /* readable-formatting.html */,
			);
			name = Resources;
			sourceTree = "<group>";
		};
		F769881C143B5D1A00BD53F6 /* Views */ = {
			isa = PBXGroup;
			children = (
				F7E42B731966072900041006 /* HNEntriesTableViewCell.h */,
				F7E42B741966072900041006 /* HNEntriesTableViewCell.m */,
				F7E42B711966072900041006 /* HNCommentsTableViewCell.h */,
				F7E42B721966072900041006 /* HNCommentsTableViewCell.m */,
				F7E42B751966072900041006 /* HNLoadMoreTableViewCell.h */,
				F7E42B761966072900041006 /* HNLoadMoreTableViewCell.m */,
				F778DE1F1965F9A2008765D2 /* HNLabel.h */,
				F778DE201965F9A2008765D2 /* HNLabel.m */,
			);
			name = Views;
			sourceTree = "<group>";
		};
		F76ACA591434F9E1004CF9EA /* Model */ = {
			isa = PBXGroup;
			children = (
				F7E42B681966071800041006 /* HNEntry.h */,
				F7E42B691966071800041006 /* HNEntry.m */,
				F7E42B641966071800041006 /* HNComment.h */,
				F7E42B651966071800041006 /* HNComment.m */,
				F7E42B661966071800041006 /* HNEntriesModel.h */,
				F7E42B671966071800041006 /* HNEntriesModel.m */,
				F7E42B7D1966073D00041006 /* HNCommentsModel.h */,
				F7E42B7E1966073D00041006 /* HNCommentsModel.m */,
				F7E42B621966071800041006 /* HNCacheManager.h */,
				F7E42B631966071800041006 /* HNCacheManager.m */,
				F7E42B6A1966071800041006 /* HNParser.h */,
				F7E42B6B1966071800041006 /* HNParser.m */,
			);
			name = Model;
			sourceTree = "<group>";
		};
		F775DACA14340D7E00F93F48 = {
			isa = PBXGroup;
			children = (
				F775DADF14340D7E00F93F48 /* HNReader */,
				F775DB0614340D7F00F93F48 /* HNReaderTests */,
				F775DB1F143410C500F93F48 /* Vendor */,
				F775DAD814340D7E00F93F48 /* Frameworks */,
				F775DAD614340D7E00F93F48 /* Products */,
				04AABEA50996D06B5FCF79F1 /* Pods */,
			);
			sourceTree = "<group>";
		};
		F775DAD614340D7E00F93F48 /* Products */ = {
			isa = PBXGroup;
			children = (
				F775DAD514340D7E00F93F48 /* HNReader.app */,
			);
			name = Products;
			sourceTree = "<group>";
		};
		F775DAD814340D7E00F93F48 /* Frameworks */ = {
			isa = PBXGroup;
			children = (
				F77319C7189EC2AC00C360F1 /* libstdc++.dylib */,
				F759AEA5189EC28400BD46D1 /* libsqlite3.dylib */,
				F775DB3D1434110700F93F48 /* MobileCoreServices.framework */,
				F775DB3E1434110700F93F48 /* SystemConfiguration.framework */,
				F775DAD914340D7E00F93F48 /* UIKit.framework */,
				F775DADB14340D7E00F93F48 /* Foundation.framework */,
				F775DADD14340D7E00F93F48 /* CoreGraphics.framework */,
				F775DAFF14340D7F00F93F48 /* SenTestingKit.framework */,
				F70A0FF2143BF99100D61E8A /* QuartzCore.framework */,
				F76ACA6514354265004CF9EA /* libxml2.2.dylib */,
				F7A2406E1475704D00004287 /* libicucore.dylib */,
				DBA80079524E4F5FBE1F3871 /* libPods.a */,
			);
			name = Frameworks;
			sourceTree = "<group>";
		};
		F775DADF14340D7E00F93F48 /* HNReader */ = {
			isa = PBXGroup;
			children = (
				F7E42B50196606C100041006 /* HNReaderAppDelegate.h */,
				F7E42B51196606C100041006 /* HNReaderAppDelegate.m */,
				F7DF2AAA196605D7004DF35D /* Controllers */,
				F769881C143B5D1A00BD53F6 /* Views */,
				F76ACA591434F9E1004CF9EA /* Model */,
				F7A9112D196881C700F7FAFE /* Data Sources */,
				F7E42B831966078B00041006 /* Categories */,
				F7DF2AA71965FFA6004DF35D /* HNConstants.h */,
				F7DF2AA81965FFA6004DF35D /* HNConstants.m */,
				F72B8485196E6293003ABF13 /* HNClient.h */,
				F72B8486196E6293003ABF13 /* HNClient.m */,
				F75D3683143A056D005BCA23 /* Resources */,
				F7FFF41119B28FF50018ADD5 /* Main.storyboard */,
				F70AE36C196CB2C70028584D /* HNEntriesTableViewCell.xib */,
				F700DDBC196DB67E00239645 /* HNCommentsTableViewCell.xib */,
				F7C4EEAB183D47DA001036E4 /* Images.xcassets */,
				F775DAE014340D7E00F93F48 /* Supporting Files */,
			);
			path = HNReader;
			sourceTree = "<group>";
		};
		F775DAE014340D7E00F93F48 /* Supporting Files */ = {
			isa = PBXGroup;
			children = (
				F775DAE114340D7E00F93F48 /* HNReader-Info.plist */,
				F775DAE214340D7E00F93F48 /* InfoPlist.strings */,
				F775DAE514340D7E00F93F48 /* main.m */,
				F775DAE714340D7E00F93F48 /* HNReader-Prefix.pch */,
			);
			name = "Supporting Files";
			sourceTree = "<group>";
		};
		F775DB0614340D7F00F93F48 /* HNReaderTests */ = {
			isa = PBXGroup;
			children = (
				F775DB0C14340D7F00F93F48 /* HNReaderTests.h */,
				F775DB0E14340D7F00F93F48 /* HNReaderTests.m */,
				F775DB0714340D7F00F93F48 /* Supporting Files */,
			);
			path = HNReaderTests;
			sourceTree = "<group>";
		};
		F775DB0714340D7F00F93F48 /* Supporting Files */ = {
			isa = PBXGroup;
			children = (
				F775DB0814340D7F00F93F48 /* HNReaderTests-Info.plist */,
				F775DB0914340D7F00F93F48 /* InfoPlist.strings */,
			);
			name = "Supporting Files";
			sourceTree = "<group>";
		};
		F775DB1F143410C500F93F48 /* Vendor */ = {
			isa = PBXGroup;
			children = (
				F7A24070147577A300004287 /* readable */,
			);
			name = Vendor;
			path = HNReader/Vendor;
			sourceTree = "<group>";
		};
		F7A24070147577A300004287 /* readable */ = {
			isa = PBXGroup;
			children = (
				F7CD38EE1475F9ED00EB57B5 /* khash.h */,
				F7CD38EF1475F9ED00EB57B5 /* rd_list.c */,
				F7CD38F01475F9ED00EB57B5 /* rd_list.h */,
				F7A24071147577B000004287 /* readable.c */,
				F7A24072147577B000004287 /* readable.h */,
			);
			name = readable;
			sourceTree = "<group>";
		};
		F7A9112D196881C700F7FAFE /* Data Sources */ = {
			isa = PBXGroup;
			children = (
				F7A9112A19687A2B00F7FAFE /* HNEntriesDataSource.h */,
				F7A9112B19687A2B00F7FAFE /* HNEntriesDataSource.m */,
				F7EA9A0A1969C34900444255 /* HNCommentsDataSource.h */,
				F7EA9A0B1969C34900444255 /* HNCommentsDataSource.m */,
			);
			name = "Data Sources";
			sourceTree = "<group>";
		};
		F7DF2AAA196605D7004DF35D /* Controllers */ = {
			isa = PBXGroup;
			children = (
				F7E42B5B196606E600041006 /* HNEntriesViewController.h */,
				F7E42B5C196606E600041006 /* HNEntriesViewController.m */,
				F7E42B59196606E600041006 /* HNCommentsViewController.h */,
				F7E42B5A196606E600041006 /* HNCommentsViewController.m */,
				F7E42B61196606F100041006 /* HNWebViewController.h */,
				F7E42B5D196606E600041006 /* HNWebViewController.m */,
			);
			name = Controllers;
			sourceTree = "<group>";
		};
		F7E42B831966078B00041006 /* Categories */ = {
			isa = PBXGroup;
			children = (
				F73D24DE1966135F0046E941 /* UIColor+HNReaderTheme.h */,
				F73D24DF1966135F0046E941 /* UIColor+HNReaderTheme.m */,
				F73D24E1196614730046E941 /* NSString+HNCommentTools.h */,
				F73D24E2196614730046E941 /* NSString+HNCommentTools.m */,
				F7EA9A0D1969C90A00444255 /* UIAlertView+HNAlertView.h */,
				F7EA9A0E1969C90A00444255 /* UIAlertView+HNAlertView.m */,
			);
			name = Categories;
			sourceTree = "<group>";
		};
/* End PBXGroup section */

/* Begin PBXNativeTarget section */
		F775DAD414340D7E00F93F48 /* HNReader */ = {
			isa = PBXNativeTarget;
			buildConfigurationList = F775DB1214340D7F00F93F48 /* Build configuration list for PBXNativeTarget "HNReader" */;
			buildPhases = (
				534CD3E76477478099402D64 /* Check Pods Manifest.lock */,
				F775DAD114340D7E00F93F48 /* Sources */,
				F775DAD214340D7E00F93F48 /* Frameworks */,
				F775DAD314340D7E00F93F48 /* Resources */,
				C511BC34BE894F8FB00BD40A /* Copy Pods Resources */,
			);
			buildRules = (
			);
			dependencies = (
			);
			name = HNReader;
			productName = HNReader;
			productReference = F775DAD514340D7E00F93F48 /* HNReader.app */;
			productType = "com.apple.product-type.application";
		};
/* End PBXNativeTarget section */

/* Begin PBXProject section */
		F775DACC14340D7E00F93F48 /* Project object */ = {
			isa = PBXProject;
			attributes = {
				LastTestingUpgradeCheck = 0510;
				LastUpgradeCheck = 0600;
			};
			buildConfigurationList = F775DACF14340D7E00F93F48 /* Build configuration list for PBXProject "HNReader" */;
			compatibilityVersion = "Xcode 3.2";
			developmentRegion = English;
			hasScannedForEncodings = 0;
			knownRegions = (
				en,
			);
			mainGroup = F775DACA14340D7E00F93F48;
			productRefGroup = F775DAD614340D7E00F93F48 /* Products */;
			projectDirPath = "";
			projectRoot = "";
			targets = (
				F775DAD414340D7E00F93F48 /* HNReader */,
			);
		};
/* End PBXProject section */

/* Begin PBXResourcesBuildPhase section */
		F775DAD314340D7E00F93F48 /* Resources */ = {
			isa = PBXResourcesBuildPhase;
			buildActionMask = 2147483647;
			files = (
				F70AE36D196CB2C70028584D /* HNEntriesTableViewCell.xib in Resources */,
				F700DDBD196DB67E00239645 /* HNCommentsTableViewCell.xib in Resources */,
				F775DAE414340D7E00F93F48 /* InfoPlist.strings in Resources */,
				F7C4EEAC183D47DA001036E4 /* Images.xcassets in Resources */,
				F747AAFB1491358600F3C84F /* readable-formatting.html in Resources */,
				F7FFF41219B28FF50018ADD5 /* Main.storyboard in Resources */,
			);
			runOnlyForDeploymentPostprocessing = 0;
		};
/* End PBXResourcesBuildPhase section */

/* Begin PBXShellScriptBuildPhase section */
		534CD3E76477478099402D64 /* Check Pods Manifest.lock */ = {
			isa = PBXShellScriptBuildPhase;
			buildActionMask = 2147483647;
			files = (
			);
			inputPaths = (
			);
			name = "Check Pods Manifest.lock";
			outputPaths = (
			);
			runOnlyForDeploymentPostprocessing = 0;
			shellPath = /bin/sh;
			shellScript = "diff \"${PODS_ROOT}/../Podfile.lock\" \"${PODS_ROOT}/Manifest.lock\" > /dev/null\nif [[ $? != 0 ]] ; then\n    cat << EOM\nerror: The sandbox is not in sync with the Podfile.lock. Run 'pod install' or update your CocoaPods installation.\nEOM\n    exit 1\nfi\n";
		};
		C511BC34BE894F8FB00BD40A /* Copy Pods Resources */ = {
			isa = PBXShellScriptBuildPhase;
			buildActionMask = 2147483647;
			files = (
			);
			inputPaths = (
			);
			name = "Copy Pods Resources";
			outputPaths = (
			);
			runOnlyForDeploymentPostprocessing = 0;
			shellPath = /bin/sh;
			shellScript = "\"${SRCROOT}/Pods/Target Support Files/Pods/Pods-resources.sh\"\n";
		};
/* End PBXShellScriptBuildPhase section */

/* Begin PBXSourcesBuildPhase section */
		F775DAD114340D7E00F93F48 /* Sources */ = {
			isa = PBXSourcesBuildPhase;
			buildActionMask = 2147483647;
			files = (
				F7E42B701966071800041006 /* HNParser.m in Sources */,
				F775DAE614340D7E00F93F48 /* main.m in Sources */,
				F7E42B7B1966072900041006 /* HNLoadMoreTableViewCell.m in Sources */,
				F73D24E3196614730046E941 /* NSString+HNCommentTools.m in Sources */,
				F7E42B6F1966071800041006 /* HNEntry.m in Sources */,
				F7E42B5F196606E600041006 /* HNEntriesViewController.m in Sources */,
				F7E42B6D1966071800041006 /* HNComment.m in Sources */,
				F7E42B6C1966071800041006 /* HNCacheManager.m in Sources */,
				F7EA9A0F1969C90A00444255 /* UIAlertView+HNAlertView.m in Sources */,
				F7E42B791966072900041006 /* HNCommentsTableViewCell.m in Sources */,
				F7E42B60196606E600041006 /* HNWebViewController.m in Sources */,
				F7EA9A0C1969C34900444255 /* HNCommentsDataSource.m in Sources */,
				F778DE211965F9A2008765D2 /* HNLabel.m in Sources */,
				F7DF2AA91965FFA6004DF35D /* HNConstants.m in Sources */,
				F7E42B7A1966072900041006 /* HNEntriesTableViewCell.m in Sources */,
				F7E42B52196606C100041006 /* HNReaderAppDelegate.m in Sources */,
				F7E42B6E1966071800041006 /* HNEntriesModel.m in Sources */,
				F7A24073147577B000004287 /* readable.c in Sources */,
				F72B8487196E6293003ABF13 /* HNClient.m in Sources */,
				F7A9112C19687A2B00F7FAFE /* HNEntriesDataSource.m in Sources */,
				F7E42B5E196606E600041006 /* HNCommentsViewController.m in Sources */,
				F7E42B7F1966073D00041006 /* HNCommentsModel.m in Sources */,
				F73D24E01966135F0046E941 /* UIColor+HNReaderTheme.m in Sources */,
				F7CD38F11475F9ED00EB57B5 /* rd_list.c in Sources */,
			);
			runOnlyForDeploymentPostprocessing = 0;
		};
/* End PBXSourcesBuildPhase section */

/* Begin PBXVariantGroup section */
		F775DAE214340D7E00F93F48 /* InfoPlist.strings */ = {
			isa = PBXVariantGroup;
			children = (
				F775DAE314340D7E00F93F48 /* en */,
			);
			name = InfoPlist.strings;
			sourceTree = "<group>";
		};
		F775DB0914340D7F00F93F48 /* InfoPlist.strings */ = {
			isa = PBXVariantGroup;
			children = (
				F775DB0A14340D7F00F93F48 /* en */,
			);
			name = InfoPlist.strings;
			sourceTree = "<group>";
		};
/* End PBXVariantGroup section */

/* Begin XCBuildConfiguration section */
		F775DB1014340D7F00F93F48 /* Debug */ = {
			isa = XCBuildConfiguration;
			buildSettings = {
				ALWAYS_SEARCH_USER_PATHS = NO;
				CLANG_WARN_BOOL_CONVERSION = YES;
				CLANG_WARN_CONSTANT_CONVERSION = YES;
				CLANG_WARN_DEPRECATED_OBJC_IMPLEMENTATIONS = NO;
				CLANG_WARN_EMPTY_BODY = YES;
				CLANG_WARN_ENUM_CONVERSION = YES;
				CLANG_WARN_INT_CONVERSION = YES;
				CLANG_WARN_OBJC_EXPLICIT_OWNERSHIP_TYPE = YES;
				CLANG_WARN_OBJC_IMPLICIT_ATOMIC_PROPERTIES = YES;
				CLANG_WARN_OBJC_IMPLICIT_RETAIN_SELF = YES;
				CLANG_WARN_OBJC_MISSING_PROPERTY_SYNTHESIS = NO;
				CLANG_WARN_OBJC_RECEIVER_WEAK = NO;
				CLANG_WARN_OBJC_REPEATED_USE_OF_WEAK = NO;
				CLANG_WARN_UNREACHABLE_CODE = YES;
				CLANG_WARN__DUPLICATE_METHOD_MATCH = YES;
				CODE_SIGN_IDENTITY = "iPhone Developer";
				"CODE_SIGN_IDENTITY[sdk=iphoneos*]" = "iPhone Developer";
				COPY_PHASE_STRIP = NO;
				ENABLE_STRICT_OBJC_MSGSEND = YES;
				GCC_C_LANGUAGE_STANDARD = gnu99;
				GCC_DYNAMIC_NO_PIC = NO;
				GCC_OPTIMIZATION_LEVEL = 0;
				GCC_PREPROCESSOR_DEFINITIONS = "READABLE_USE_LIBICU=1";
				GCC_PREPROCESSOR_DEFINITIONS_NOT_USED_IN_PRECOMPS = "";
				GCC_SYMBOLS_PRIVATE_EXTERN = NO;
				GCC_TREAT_IMPLICIT_FUNCTION_DECLARATIONS_AS_ERRORS = YES;
				GCC_TREAT_INCOMPATIBLE_POINTER_TYPE_WARNINGS_AS_ERRORS = YES;
				GCC_VERSION = com.apple.compilers.llvm.clang.1_0;
				GCC_WARN_64_TO_32_BIT_CONVERSION = YES;
				GCC_WARN_ABOUT_MISSING_FIELD_INITIALIZERS = YES;
				GCC_WARN_ABOUT_MISSING_NEWLINE = YES;
				GCC_WARN_ABOUT_MISSING_PROTOTYPES = NO;
				GCC_WARN_ABOUT_RETURN_TYPE = YES;
				GCC_WARN_INITIALIZER_NOT_FULLY_BRACKETED = YES;
				GCC_WARN_MULTIPLE_DEFINITION_TYPES_FOR_SELECTOR = NO;
				GCC_WARN_UNDECLARED_SELECTOR = NO;
				GCC_WARN_UNINITIALIZED_AUTOS = YES;
				GCC_WARN_UNKNOWN_PRAGMAS = YES;
				GCC_WARN_UNUSED_FUNCTION = YES;
				GCC_WARN_UNUSED_VARIABLE = YES;
				IPHONEOS_DEPLOYMENT_TARGET = 8.0;
				LIBRARY_SEARCH_PATHS = "";
				ONLY_ACTIVE_ARCH = YES;
				OTHER_CFLAGS = "";
				PROVISIONING_PROFILE = "";
				"PROVISIONING_PROFILE[sdk=iphoneos*]" = "";
				SDKROOT = iphoneos;
				TARGETED_DEVICE_FAMILY = "1,2";
			};
			name = Debug;
		};
		F775DB1114340D7F00F93F48 /* Release */ = {
			isa = XCBuildConfiguration;
			buildSettings = {
				ALWAYS_SEARCH_USER_PATHS = NO;
				CLANG_WARN_BOOL_CONVERSION = YES;
				CLANG_WARN_CONSTANT_CONVERSION = YES;
				CLANG_WARN_DEPRECATED_OBJC_IMPLEMENTATIONS = NO;
				CLANG_WARN_EMPTY_BODY = YES;
				CLANG_WARN_ENUM_CONVERSION = YES;
				CLANG_WARN_INT_CONVERSION = YES;
				CLANG_WARN_OBJC_EXPLICIT_OWNERSHIP_TYPE = YES;
				CLANG_WARN_OBJC_IMPLICIT_ATOMIC_PROPERTIES = YES;
				CLANG_WARN_OBJC_IMPLICIT_RETAIN_SELF = YES;
				CLANG_WARN_OBJC_MISSING_PROPERTY_SYNTHESIS = NO;
				CLANG_WARN_OBJC_RECEIVER_WEAK = NO;
				CLANG_WARN_OBJC_REPEATED_USE_OF_WEAK = NO;
				CLANG_WARN_UNREACHABLE_CODE = YES;
				CLANG_WARN__DUPLICATE_METHOD_MATCH = YES;
				CODE_SIGN_IDENTITY = "iPhone Developer";
				"CODE_SIGN_IDENTITY[sdk=iphoneos*]" = "iPhone Developer";
				COPY_PHASE_STRIP = YES;
				ENABLE_STRICT_OBJC_MSGSEND = YES;
				GCC_C_LANGUAGE_STANDARD = gnu99;
				GCC_PREPROCESSOR_DEFINITIONS = "READABLE_USE_LIBICU=1";
				GCC_PREPROCESSOR_DEFINITIONS_NOT_USED_IN_PRECOMPS = "";
				GCC_TREAT_IMPLICIT_FUNCTION_DECLARATIONS_AS_ERRORS = YES;
				GCC_TREAT_INCOMPATIBLE_POINTER_TYPE_WARNINGS_AS_ERRORS = YES;
				GCC_VERSION = com.apple.compilers.llvm.clang.1_0;
				GCC_WARN_64_TO_32_BIT_CONVERSION = YES;
				GCC_WARN_ABOUT_MISSING_FIELD_INITIALIZERS = YES;
				GCC_WARN_ABOUT_MISSING_NEWLINE = YES;
				GCC_WARN_ABOUT_MISSING_PROTOTYPES = NO;
				GCC_WARN_ABOUT_RETURN_TYPE = YES;
				GCC_WARN_INITIALIZER_NOT_FULLY_BRACKETED = YES;
				GCC_WARN_MULTIPLE_DEFINITION_TYPES_FOR_SELECTOR = NO;
				GCC_WARN_UNDECLARED_SELECTOR = NO;
				GCC_WARN_UNINITIALIZED_AUTOS = YES;
				GCC_WARN_UNKNOWN_PRAGMAS = YES;
				GCC_WARN_UNUSED_FUNCTION = YES;
				GCC_WARN_UNUSED_VARIABLE = YES;
				IPHONEOS_DEPLOYMENT_TARGET = 8.0;
				LIBRARY_SEARCH_PATHS = "";
				ONLY_ACTIVE_ARCH = NO;
				OTHER_CFLAGS = "";
				PROVISIONING_PROFILE = "";
				"PROVISIONING_PROFILE[sdk=iphoneos*]" = "";
				SDKROOT = iphoneos;
				TARGETED_DEVICE_FAMILY = "1,2";
				VALIDATE_PRODUCT = YES;
			};
			name = Release;
		};
		F775DB1314340D7F00F93F48 /* Debug */ = {
			isa = XCBuildConfiguration;
			baseConfigurationReference = 96C2949619923034B2AE3BD5 /* Pods.debug.xcconfig */;
			buildSettings = {
				ASSETCATALOG_COMPILER_APPICON_NAME = AppIcon;
				ASSETCATALOG_COMPILER_LAUNCHIMAGE_NAME = LaunchImage;
				CLANG_ENABLE_MODULES = YES;
				CLANG_ENABLE_OBJC_ARC = YES;
				CODE_SIGN_IDENTITY = "iPhone Developer";
				GCC_PRECOMPILE_PREFIX_HEADER = YES;
				GCC_PREFIX_HEADER = "HNReader/HNReader-Prefix.pch";
				INFOPLIST_FILE = "HNReader/HNReader-Info.plist";
				IPHONEOS_DEPLOYMENT_TARGET = 8.0;
				LIBRARY_SEARCH_PATHS = "";
				PRODUCT_NAME = "$(TARGET_NAME)";
				PROVISIONING_PROFILE = "";
				TARGETED_DEVICE_FAMILY = "1,2";
				WRAPPER_EXTENSION = app;
			};
			name = Debug;
		};
		F775DB1414340D7F00F93F48 /* Release */ = {
			isa = XCBuildConfiguration;
			baseConfigurationReference = D52C69518EBD815D29A11545 /* Pods.release.xcconfig */;
			buildSettings = {
				ASSETCATALOG_COMPILER_APPICON_NAME = AppIcon;
				ASSETCATALOG_COMPILER_LAUNCHIMAGE_NAME = LaunchImage;
				CLANG_ENABLE_MODULES = YES;
				CLANG_ENABLE_OBJC_ARC = YES;
				CODE_SIGN_IDENTITY = "iPhone Developer";
				GCC_PRECOMPILE_PREFIX_HEADER = YES;
				GCC_PREFIX_HEADER = "HNReader/HNReader-Prefix.pch";
				INFOPLIST_FILE = "HNReader/HNReader-Info.plist";
				IPHONEOS_DEPLOYMENT_TARGET = 8.0;
				LIBRARY_SEARCH_PATHS = "";
				PRODUCT_NAME = "$(TARGET_NAME)";
				PROVISIONING_PROFILE = "";
				TARGETED_DEVICE_FAMILY = "1,2";
				WRAPPER_EXTENSION = app;
			};
			name = Release;
		};
/* End XCBuildConfiguration section */

/* Begin XCConfigurationList section */
		F775DACF14340D7E00F93F48 /* Build configuration list for PBXProject "HNReader" */ = {
			isa = XCConfigurationList;
			buildConfigurations = (
				F775DB1014340D7F00F93F48 /* Debug */,
				F775DB1114340D7F00F93F48 /* Release */,
			);
			defaultConfigurationIsVisible = 0;
			defaultConfigurationName = Release;
		};
		F775DB1214340D7F00F93F48 /* Build configuration list for PBXNativeTarget "HNReader" */ = {
			isa = XCConfigurationList;
			buildConfigurations = (
				F775DB1314340D7F00F93F48 /* Debug */,
				F775DB1414340D7F00F93F48 /* Release */,
			);
			defaultConfigurationIsVisible = 0;
			defaultConfigurationName = Release;
		};
/* End XCConfigurationList section */
	};
	rootObject = F775DACC14340D7E00F93F48 /* Project object */;
}
